<?xml version="1.0" encoding="UTF-8"?>
<!DOCTYPE plist PUBLIC "-//Apple//DTD PLIST 1.0//EN" "http://www.apple.com/DTDs/PropertyList-1.0.dtd">
<plist version="1.0">
<dict>
	<key>archiveVersion</key>
	<string>1</string>
	<key>classes</key>
	<dict/>
	<key>objectVersion</key>
	<string>46</string>
	<key>objects</key>
	<dict>
		<key>065391855B93FC636C8687CF</key>
		<dict>
			<key>buildActionMask</key>
			<string>2147483647</string>
			<key>files</key>
			<array/>
			<key>inputPaths</key>
			<array/>
			<key>isa</key>
			<string>PBXShellScriptBuildPhase</string>
			<key>name</key>
			<string>Copy Pods Resources</string>
			<key>outputPaths</key>
			<array/>
			<key>runOnlyForDeploymentPostprocessing</key>
			<string>0</string>
			<key>shellPath</key>
			<string>/bin/sh</string>
			<key>shellScript</key>
			<string>"${SRCROOT}/Pods/Target Support Files/Pods-DYZB_lhb/Pods-DYZB_lhb-resources.sh"
</string>
			<key>showEnvVarsInLog</key>
			<string>0</string>
		</dict>
		<key>17CFD37A3AEEAFBDBDE3AD7D</key>
		<dict>
			<key>children</key>
			<array>
				<string>620C43A4443197AB13CCCB9C</string>
			</array>
			<key>isa</key>
			<string>PBXGroup</string>
			<key>name</key>
			<string>Frameworks</string>
			<key>sourceTree</key>
			<string>&lt;group&gt;</string>
		</dict>
		<key>620C43A4443197AB13CCCB9C</key>
		<dict>
			<key>explicitFileType</key>
			<string>wrapper.framework</string>
			<key>includeInIndex</key>
			<string>0</string>
			<key>isa</key>
			<string>PBXFileReference</string>
			<key>path</key>
			<string>Pods_DYZB_lhb.framework</string>
			<key>sourceTree</key>
			<string>BUILT_PRODUCTS_DIR</string>
		</dict>
		<key>851F0F02855ECA733AFFE6C3</key>
		<dict>
			<key>includeInIndex</key>
			<string>1</string>
			<key>isa</key>
			<string>PBXFileReference</string>
			<key>lastKnownFileType</key>
			<string>text.xcconfig</string>
			<key>name</key>
			<string>Pods-DYZB_lhb.debug.xcconfig</string>
			<key>path</key>
			<string>Pods/Target Support Files/Pods-DYZB_lhb/Pods-DYZB_lhb.debug.xcconfig</string>
			<key>sourceTree</key>
			<string>&lt;group&gt;</string>
		</dict>
		<key>8BA804F1B27A836FC2CADE50</key>
		<dict>
			<key>fileRef</key>
			<string>620C43A4443197AB13CCCB9C</string>
			<key>isa</key>
			<string>PBXBuildFile</string>
		</dict>
		<key>9AF3859AD58C62921B1941A4</key>
		<dict>
			<key>children</key>
			<array>
				<string>851F0F02855ECA733AFFE6C3</string>
				<string>E31B50F299BC062F2B4886FA</string>
			</array>
			<key>isa</key>
			<string>PBXGroup</string>
			<key>name</key>
			<string>Pods</string>
			<key>sourceTree</key>
			<string>&lt;group&gt;</string>
		</dict>
		<key>B48B23BC8855B9116597B322</key>
		<dict>
			<key>buildActionMask</key>
			<string>2147483647</string>
			<key>files</key>
			<array/>
			<key>inputPaths</key>
			<array/>
			<key>isa</key>
			<string>PBXShellScriptBuildPhase</string>
			<key>name</key>
			<string>Embed Pods Frameworks</string>
			<key>outputPaths</key>
			<array/>
			<key>runOnlyForDeploymentPostprocessing</key>
			<string>0</string>
			<key>shellPath</key>
			<string>/bin/sh</string>
			<key>shellScript</key>
			<string>"${SRCROOT}/Pods/Target Support Files/Pods-DYZB_lhb/Pods-DYZB_lhb-frameworks.sh"
</string>
			<key>showEnvVarsInLog</key>
			<string>0</string>
		</dict>
		<key>E31B50F299BC062F2B4886FA</key>
		<dict>
			<key>includeInIndex</key>
			<string>1</string>
			<key>isa</key>
			<string>PBXFileReference</string>
			<key>lastKnownFileType</key>
			<string>text.xcconfig</string>
			<key>name</key>
			<string>Pods-DYZB_lhb.release.xcconfig</string>
			<key>path</key>
			<string>Pods/Target Support Files/Pods-DYZB_lhb/Pods-DYZB_lhb.release.xcconfig</string>
			<key>sourceTree</key>
			<string>&lt;group&gt;</string>
		</dict>
		<key>EE078B25537E8F60B657A2C8</key>
		<dict>
			<key>buildActionMask</key>
			<string>2147483647</string>
			<key>files</key>
			<array/>
			<key>inputPaths</key>
			<array/>
			<key>isa</key>
			<string>PBXShellScriptBuildPhase</string>
			<key>name</key>
			<string>Check Pods Manifest.lock</string>
			<key>outputPaths</key>
			<array/>
			<key>runOnlyForDeploymentPostprocessing</key>
			<string>0</string>
			<key>shellPath</key>
			<string>/bin/sh</string>
			<key>shellScript</key>
			<string>diff "${PODS_ROOT}/../Podfile.lock" "${PODS_ROOT}/Manifest.lock" &gt; /dev/null
if [[ $? != 0 ]] ; then
    cat &lt;&lt; EOM
error: The sandbox is not in sync with the Podfile.lock. Run 'pod install' or update your CocoaPods installation.
EOM
    exit 1
fi
</string>
			<key>showEnvVarsInLog</key>
			<string>0</string>
		</dict>
		<key>EF1F79071D8D7A1000E3247D</key>
		<dict>
			<key>fileEncoding</key>
			<string>4</string>
			<key>isa</key>
			<string>PBXFileReference</string>
			<key>lastKnownFileType</key>
			<string>sourcecode.swift</string>
			<key>path</key>
			<string>PageContentView.swift</string>
			<key>sourceTree</key>
			<string>&lt;group&gt;</string>
		</dict>
		<key>EF1F79081D8D7A1000E3247D</key>
		<dict>
			<key>fileRef</key>
			<string>EF1F79071D8D7A1000E3247D</string>
			<key>isa</key>
			<string>PBXBuildFile</string>
		</dict>
		<key>EF1F79091D8D7DAA00E3247D</key>
		<dict>
			<key>fileEncoding</key>
			<string>4</string>
			<key>isa</key>
			<string>PBXFileReference</string>
			<key>lastKnownFileType</key>
			<string>sourcecode.swift</string>
			<key>path</key>
			<string>UIColor-Extension.swift</string>
			<key>sourceTree</key>
			<string>&lt;group&gt;</string>
		</dict>
		<key>EF1F790A1D8D7DAA00E3247D</key>
		<dict>
			<key>fileRef</key>
			<string>EF1F79091D8D7DAA00E3247D</string>
			<key>isa</key>
			<string>PBXBuildFile</string>
		</dict>
		<key>EF2753CD1D8BF8820085829B</key>
		<dict>
			<key>children</key>
			<array>
				<string>EF2753D81D8BF8820085829B</string>
				<string>EF2753ED1D8BF8830085829B</string>
				<string>EF2753F81D8BF8830085829B</string>
				<string>EF2753D71D8BF8820085829B</string>
				<string>9AF3859AD58C62921B1941A4</string>
				<string>17CFD37A3AEEAFBDBDE3AD7D</string>
			</array>
			<key>isa</key>
			<string>PBXGroup</string>
			<key>sourceTree</key>
			<string>&lt;group&gt;</string>
		</dict>
		<key>EF2753CE1D8BF8820085829B</key>
		<dict>
			<key>attributes</key>
			<dict>
				<key>LastSwiftUpdateCheck</key>
				<string>0800</string>
				<key>LastUpgradeCheck</key>
				<string>0800</string>
				<key>ORGANIZATIONNAME</key>
				<string>LHB</string>
				<key>TargetAttributes</key>
				<dict>
					<key>EF2753D51D8BF8820085829B</key>
					<dict>
						<key>CreatedOnToolsVersion</key>
						<string>8.0</string>
						<key>DevelopmentTeam</key>
						<string>GCWDE52XFU</string>
						<key>ProvisioningStyle</key>
						<string>Automatic</string>
					</dict>
					<key>EF2753E91D8BF8830085829B</key>
					<dict>
						<key>CreatedOnToolsVersion</key>
						<string>8.0</string>
						<key>DevelopmentTeam</key>
						<string>GCWDE52XFU</string>
						<key>ProvisioningStyle</key>
						<string>Automatic</string>
						<key>TestTargetID</key>
						<string>EF2753D51D8BF8820085829B</string>
					</dict>
					<key>EF2753F41D8BF8830085829B</key>
					<dict>
						<key>CreatedOnToolsVersion</key>
						<string>8.0</string>
						<key>DevelopmentTeam</key>
						<string>GCWDE52XFU</string>
						<key>ProvisioningStyle</key>
						<string>Automatic</string>
						<key>TestTargetID</key>
						<string>EF2753D51D8BF8820085829B</string>
					</dict>
				</dict>
			</dict>
			<key>buildConfigurationList</key>
			<string>EF2753D11D8BF8820085829B</string>
			<key>compatibilityVersion</key>
			<string>Xcode 3.2</string>
			<key>developmentRegion</key>
			<string>English</string>
			<key>hasScannedForEncodings</key>
			<string>0</string>
			<key>isa</key>
			<string>PBXProject</string>
			<key>knownRegions</key>
			<array>
				<string>en</string>
				<string>Base</string>
			</array>
			<key>mainGroup</key>
			<string>EF2753CD1D8BF8820085829B</string>
			<key>productRefGroup</key>
			<string>EF2753D71D8BF8820085829B</string>
			<key>projectDirPath</key>
			<string></string>
			<key>projectReferences</key>
			<array/>
			<key>projectRoot</key>
			<string></string>
			<key>targets</key>
			<array>
				<string>EF2753D51D8BF8820085829B</string>
				<string>EF2753E91D8BF8830085829B</string>
				<string>EF2753F41D8BF8830085829B</string>
			</array>
		</dict>
		<key>EF2753D11D8BF8820085829B</key>
		<dict>
			<key>buildConfigurations</key>
			<array>
				<string>EF2753FC1D8BF8830085829B</string>
				<string>EF2753FD1D8BF8830085829B</string>
			</array>
			<key>defaultConfigurationIsVisible</key>
			<string>0</string>
			<key>defaultConfigurationName</key>
			<string>Release</string>
			<key>isa</key>
			<string>XCConfigurationList</string>
		</dict>
		<key>EF2753D21D8BF8820085829B</key>
		<dict>
			<key>buildActionMask</key>
			<string>2147483647</string>
			<key>files</key>
			<array>
				<string>EF2753DA1D8BF8820085829B</string>
				<string>EF7591B71D9112E100FED62E</string>
				<string>EF828CE51D8F8728007DDF65</string>
				<string>EF1F790A1D8D7DAA00E3247D</string>
				<string>EF828CE21D8F7A2D007DDF65</string>
				<string>EFE2492F1D8CF284008C3CD9</string>
				<string>EFBB92C01D8D49F00023D919</string>
				<string>EF1F79081D8D7A1000E3247D</string>
				<string>EFBB92BE1D8D3D3A0023D919</string>
				<string>EFBB92C21D8D4CF30023D919</string>
				<string>EF7591B51D910E5C00FED62E</string>
				<string>EF828CED1D8F98E6007DDF65</string>
				<string>EF828CE91D8F9320007DDF65</string>
				<string>EFE249311D8CF2F0008C3CD9</string>
			</array>
			<key>isa</key>
			<string>PBXSourcesBuildPhase</string>
			<key>runOnlyForDeploymentPostprocessing</key>
			<string>0</string>
		</dict>
		<key>EF2753D31D8BF8820085829B</key>
		<dict>
			<key>buildActionMask</key>
			<string>2147483647</string>
			<key>files</key>
			<array>
				<string>8BA804F1B27A836FC2CADE50</string>
			</array>
			<key>isa</key>
			<string>PBXFrameworksBuildPhase</string>
			<key>runOnlyForDeploymentPostprocessing</key>
			<string>0</string>
		</dict>
		<key>EF2753D41D8BF8820085829B</key>
		<dict>
			<key>buildActionMask</key>
			<string>2147483647</string>
			<key>files</key>
			<array>
				<string>EF2754181D8C31040085829B</string>
				<string>EF2754221D8C37FA0085829B</string>
				<string>EF828CEA1D8F9320007DDF65</string>
				<string>EF27542C1D8C387E0085829B</string>
				<string>EF2754241D8C381A0085829B</string>
				<string>EF27541F1D8C31670085829B</string>
				<string>EF828CE61D8F8728007DDF65</string>
				<string>EF2754291D8C385A0085829B</string>
				<string>EF828CEE1D8F98E6007DDF65</string>
				<string>EF27541E1D8C31670085829B</string>
				<string>EF27541B1D8C31040085829B</string>
			</array>
			<key>isa</key>
			<string>PBXResourcesBuildPhase</string>
			<key>runOnlyForDeploymentPostprocessing</key>
			<string>0</string>
		</dict>
		<key>EF2753D51D8BF8820085829B</key>
		<dict>
			<key>buildConfigurationList</key>
			<string>EF2753FE1D8BF8830085829B</string>
			<key>buildPhases</key>
			<array>
				<string>EE078B25537E8F60B657A2C8</string>
				<string>EF2753D21D8BF8820085829B</string>
				<string>EF2753D31D8BF8820085829B</string>
				<string>EF2753D41D8BF8820085829B</string>
				<string>B48B23BC8855B9116597B322</string>
				<string>065391855B93FC636C8687CF</string>
			</array>
			<key>buildRules</key>
			<array/>
			<key>dependencies</key>
			<array/>
			<key>isa</key>
			<string>PBXNativeTarget</string>
			<key>name</key>
			<string>DYZB_lhb</string>
			<key>productName</key>
			<string>DYZB_lhb</string>
			<key>productReference</key>
			<string>EF2753D61D8BF8820085829B</string>
			<key>productType</key>
			<string>com.apple.product-type.application</string>
		</dict>
		<key>EF2753D61D8BF8820085829B</key>
		<dict>
			<key>explicitFileType</key>
			<string>wrapper.application</string>
			<key>includeInIndex</key>
			<string>0</string>
			<key>isa</key>
			<string>PBXFileReference</string>
			<key>path</key>
			<string>DYZB_lhb.app</string>
			<key>sourceTree</key>
			<string>BUILT_PRODUCTS_DIR</string>
		</dict>
		<key>EF2753D71D8BF8820085829B</key>
		<dict>
			<key>children</key>
			<array>
				<string>EF2753D61D8BF8820085829B</string>
				<string>EF2753EA1D8BF8830085829B</string>
				<string>EF2753F51D8BF8830085829B</string>
			</array>
			<key>isa</key>
			<string>PBXGroup</string>
			<key>name</key>
			<string>Products</string>
			<key>sourceTree</key>
			<string>&lt;group&gt;</string>
		</dict>
		<key>EF2753D81D8BF8820085829B</key>
		<dict>
			<key>children</key>
			<array>
				<string>EF7591B41D910E5C00FED62E</string>
				<string>EF7591B61D9112E100FED62E</string>
				<string>EF2754071D8C03E00085829B</string>
				<string>EF2753D91D8BF8820085829B</string>
				<string>EF27541C1D8C31670085829B</string>
				<string>EF2754111D8C31040085829B</string>
				<string>EF2754171D8C31040085829B</string>
			</array>
			<key>isa</key>
			<string>PBXGroup</string>
			<key>path</key>
			<string>DYZB_lhb</string>
			<key>sourceTree</key>
			<string>&lt;group&gt;</string>
		</dict>
		<key>EF2753D91D8BF8820085829B</key>
		<dict>
			<key>isa</key>
			<string>PBXFileReference</string>
			<key>lastKnownFileType</key>
			<string>sourcecode.swift</string>
			<key>path</key>
			<string>AppDelegate.swift</string>
			<key>sourceTree</key>
			<string>&lt;group&gt;</string>
		</dict>
		<key>EF2753DA1D8BF8820085829B</key>
		<dict>
			<key>fileRef</key>
			<string>EF2753D91D8BF8820085829B</string>
			<key>isa</key>
			<string>PBXBuildFile</string>
		</dict>
		<key>EF2753E61D8BF8830085829B</key>
		<dict>
			<key>buildActionMask</key>
			<string>2147483647</string>
			<key>files</key>
			<array>
				<string>EF2753EF1D8BF8830085829B</string>
			</array>
			<key>isa</key>
			<string>PBXSourcesBuildPhase</string>
			<key>runOnlyForDeploymentPostprocessing</key>
			<string>0</string>
		</dict>
		<key>EF2753E71D8BF8830085829B</key>
		<dict>
			<key>buildActionMask</key>
			<string>2147483647</string>
			<key>files</key>
			<array/>
			<key>isa</key>
			<string>PBXFrameworksBuildPhase</string>
			<key>runOnlyForDeploymentPostprocessing</key>
			<string>0</string>
		</dict>
		<key>EF2753E81D8BF8830085829B</key>
		<dict>
			<key>buildActionMask</key>
			<string>2147483647</string>
			<key>files</key>
			<array/>
			<key>isa</key>
			<string>PBXResourcesBuildPhase</string>
			<key>runOnlyForDeploymentPostprocessing</key>
			<string>0</string>
		</dict>
		<key>EF2753E91D8BF8830085829B</key>
		<dict>
			<key>buildConfigurationList</key>
			<string>EF2754011D8BF8830085829B</string>
			<key>buildPhases</key>
			<array>
				<string>EF2753E61D8BF8830085829B</string>
				<string>EF2753E71D8BF8830085829B</string>
				<string>EF2753E81D8BF8830085829B</string>
			</array>
			<key>buildRules</key>
			<array/>
			<key>dependencies</key>
			<array>
				<string>EF2753EC1D8BF8830085829B</string>
			</array>
			<key>isa</key>
			<string>PBXNativeTarget</string>
			<key>name</key>
			<string>DYZB_lhbTests</string>
			<key>productName</key>
			<string>DYZB_lhbTests</string>
			<key>productReference</key>
			<string>EF2753EA1D8BF8830085829B</string>
			<key>productType</key>
			<string>com.apple.product-type.bundle.unit-test</string>
		</dict>
		<key>EF2753EA1D8BF8830085829B</key>
		<dict>
			<key>explicitFileType</key>
			<string>wrapper.cfbundle</string>
			<key>includeInIndex</key>
			<string>0</string>
			<key>isa</key>
			<string>PBXFileReference</string>
			<key>path</key>
			<string>DYZB_lhbTests.xctest</string>
			<key>sourceTree</key>
			<string>BUILT_PRODUCTS_DIR</string>
		</dict>
		<key>EF2753EB1D8BF8830085829B</key>
		<dict>
			<key>containerPortal</key>
			<string>EF2753CE1D8BF8820085829B</string>
			<key>isa</key>
			<string>PBXContainerItemProxy</string>
			<key>proxyType</key>
			<string>1</string>
			<key>remoteGlobalIDString</key>
			<string>EF2753D51D8BF8820085829B</string>
			<key>remoteInfo</key>
			<string>DYZB_lhb</string>
		</dict>
		<key>EF2753EC1D8BF8830085829B</key>
		<dict>
			<key>isa</key>
			<string>PBXTargetDependency</string>
			<key>target</key>
			<string>EF2753D51D8BF8820085829B</string>
			<key>targetProxy</key>
			<string>EF2753EB1D8BF8830085829B</string>
		</dict>
		<key>EF2753ED1D8BF8830085829B</key>
		<dict>
			<key>children</key>
			<array>
				<string>EF2753EE1D8BF8830085829B</string>
				<string>EF2753F01D8BF8830085829B</string>
			</array>
			<key>isa</key>
			<string>PBXGroup</string>
			<key>path</key>
			<string>DYZB_lhbTests</string>
			<key>sourceTree</key>
			<string>&lt;group&gt;</string>
		</dict>
		<key>EF2753EE1D8BF8830085829B</key>
		<dict>
			<key>isa</key>
			<string>PBXFileReference</string>
			<key>lastKnownFileType</key>
			<string>sourcecode.swift</string>
			<key>path</key>
			<string>DYZB_lhbTests.swift</string>
			<key>sourceTree</key>
			<string>&lt;group&gt;</string>
		</dict>
		<key>EF2753EF1D8BF8830085829B</key>
		<dict>
			<key>fileRef</key>
			<string>EF2753EE1D8BF8830085829B</string>
			<key>isa</key>
			<string>PBXBuildFile</string>
		</dict>
		<key>EF2753F01D8BF8830085829B</key>
		<dict>
			<key>isa</key>
			<string>PBXFileReference</string>
			<key>lastKnownFileType</key>
			<string>text.plist.xml</string>
			<key>path</key>
			<string>Info.plist</string>
			<key>sourceTree</key>
			<string>&lt;group&gt;</string>
		</dict>
		<key>EF2753F11D8BF8830085829B</key>
		<dict>
			<key>buildActionMask</key>
			<string>2147483647</string>
			<key>files</key>
			<array>
				<string>EF2753FA1D8BF8830085829B</string>
			</array>
			<key>isa</key>
			<string>PBXSourcesBuildPhase</string>
			<key>runOnlyForDeploymentPostprocessing</key>
			<string>0</string>
		</dict>
		<key>EF2753F21D8BF8830085829B</key>
		<dict>
			<key>buildActionMask</key>
			<string>2147483647</string>
			<key>files</key>
			<array/>
			<key>isa</key>
			<string>PBXFrameworksBuildPhase</string>
			<key>runOnlyForDeploymentPostprocessing</key>
			<string>0</string>
		</dict>
		<key>EF2753F31D8BF8830085829B</key>
		<dict>
			<key>buildActionMask</key>
			<string>2147483647</string>
			<key>files</key>
			<array/>
			<key>isa</key>
			<string>PBXResourcesBuildPhase</string>
			<key>runOnlyForDeploymentPostprocessing</key>
			<string>0</string>
		</dict>
		<key>EF2753F41D8BF8830085829B</key>
		<dict>
			<key>buildConfigurationList</key>
			<string>EF2754041D8BF8830085829B</string>
			<key>buildPhases</key>
			<array>
				<string>EF2753F11D8BF8830085829B</string>
				<string>EF2753F21D8BF8830085829B</string>
				<string>EF2753F31D8BF8830085829B</string>
			</array>
			<key>buildRules</key>
			<array/>
			<key>dependencies</key>
			<array>
				<string>EF2753F71D8BF8830085829B</string>
			</array>
			<key>isa</key>
			<string>PBXNativeTarget</string>
			<key>name</key>
			<string>DYZB_lhbUITests</string>
			<key>productName</key>
			<string>DYZB_lhbUITests</string>
			<key>productReference</key>
			<string>EF2753F51D8BF8830085829B</string>
			<key>productType</key>
			<string>com.apple.product-type.bundle.ui-testing</string>
		</dict>
		<key>EF2753F51D8BF8830085829B</key>
		<dict>
			<key>explicitFileType</key>
			<string>wrapper.cfbundle</string>
			<key>includeInIndex</key>
			<string>0</string>
			<key>isa</key>
			<string>PBXFileReference</string>
			<key>path</key>
			<string>DYZB_lhbUITests.xctest</string>
			<key>sourceTree</key>
			<string>BUILT_PRODUCTS_DIR</string>
		</dict>
		<key>EF2753F61D8BF8830085829B</key>
		<dict>
			<key>containerPortal</key>
			<string>EF2753CE1D8BF8820085829B</string>
			<key>isa</key>
			<string>PBXContainerItemProxy</string>
			<key>proxyType</key>
			<string>1</string>
			<key>remoteGlobalIDString</key>
			<string>EF2753D51D8BF8820085829B</string>
			<key>remoteInfo</key>
			<string>DYZB_lhb</string>
		</dict>
		<key>EF2753F71D8BF8830085829B</key>
		<dict>
			<key>isa</key>
			<string>PBXTargetDependency</string>
			<key>target</key>
			<string>EF2753D51D8BF8820085829B</string>
			<key>targetProxy</key>
			<string>EF2753F61D8BF8830085829B</string>
		</dict>
		<key>EF2753F81D8BF8830085829B</key>
		<dict>
			<key>children</key>
			<array>
				<string>EF2753F91D8BF8830085829B</string>
				<string>EF2753FB1D8BF8830085829B</string>
			</array>
			<key>isa</key>
			<string>PBXGroup</string>
			<key>path</key>
			<string>DYZB_lhbUITests</string>
			<key>sourceTree</key>
			<string>&lt;group&gt;</string>
		</dict>
		<key>EF2753F91D8BF8830085829B</key>
		<dict>
			<key>isa</key>
			<string>PBXFileReference</string>
			<key>lastKnownFileType</key>
			<string>sourcecode.swift</string>
			<key>path</key>
			<string>DYZB_lhbUITests.swift</string>
			<key>sourceTree</key>
			<string>&lt;group&gt;</string>
		</dict>
		<key>EF2753FA1D8BF8830085829B</key>
		<dict>
			<key>fileRef</key>
			<string>EF2753F91D8BF8830085829B</string>
			<key>isa</key>
			<string>PBXBuildFile</string>
		</dict>
		<key>EF2753FB1D8BF8830085829B</key>
		<dict>
			<key>isa</key>
			<string>PBXFileReference</string>
			<key>lastKnownFileType</key>
			<string>text.plist.xml</string>
			<key>path</key>
			<string>Info.plist</string>
			<key>sourceTree</key>
			<string>&lt;group&gt;</string>
		</dict>
		<key>EF2753FC1D8BF8830085829B</key>
		<dict>
			<key>buildSettings</key>
			<dict>
				<key>ALWAYS_SEARCH_USER_PATHS</key>
				<string>NO</string>
				<key>CLANG_ANALYZER_NONNULL</key>
				<string>YES</string>
				<key>CLANG_CXX_LANGUAGE_STANDARD</key>
				<string>gnu++0x</string>
				<key>CLANG_CXX_LIBRARY</key>
				<string>libc++</string>
				<key>CLANG_ENABLE_MODULES</key>
				<string>YES</string>
				<key>CLANG_ENABLE_OBJC_ARC</key>
				<string>YES</string>
				<key>CLANG_WARN_BOOL_CONVERSION</key>
				<string>YES</string>
				<key>CLANG_WARN_CONSTANT_CONVERSION</key>
				<string>YES</string>
				<key>CLANG_WARN_DIRECT_OBJC_ISA_USAGE</key>
				<string>YES_ERROR</string>
				<key>CLANG_WARN_DOCUMENTATION_COMMENTS</key>
				<string>YES</string>
				<key>CLANG_WARN_EMPTY_BODY</key>
				<string>YES</string>
				<key>CLANG_WARN_ENUM_CONVERSION</key>
				<string>YES</string>
				<key>CLANG_WARN_INFINITE_RECURSION</key>
				<string>YES</string>
				<key>CLANG_WARN_INT_CONVERSION</key>
				<string>YES</string>
				<key>CLANG_WARN_OBJC_ROOT_CLASS</key>
				<string>YES_ERROR</string>
				<key>CLANG_WARN_SUSPICIOUS_MOVES</key>
				<string>YES</string>
				<key>CLANG_WARN_UNREACHABLE_CODE</key>
				<string>YES</string>
				<key>CLANG_WARN__DUPLICATE_METHOD_MATCH</key>
				<string>YES</string>
				<key>CODE_SIGN_IDENTITY[sdk=iphoneos*]</key>
				<string>iPhone Developer</string>
				<key>COPY_PHASE_STRIP</key>
				<string>NO</string>
				<key>DEBUG_INFORMATION_FORMAT</key>
				<string>dwarf</string>
				<key>ENABLE_STRICT_OBJC_MSGSEND</key>
				<string>YES</string>
				<key>ENABLE_TESTABILITY</key>
				<string>YES</string>
				<key>GCC_C_LANGUAGE_STANDARD</key>
				<string>gnu99</string>
				<key>GCC_DYNAMIC_NO_PIC</key>
				<string>NO</string>
				<key>GCC_NO_COMMON_BLOCKS</key>
				<string>YES</string>
				<key>GCC_OPTIMIZATION_LEVEL</key>
				<string>0</string>
				<key>GCC_PREPROCESSOR_DEFINITIONS</key>
				<array>
					<string>DEBUG=1</string>
					<string>$(inherited)</string>
				</array>
				<key>GCC_WARN_64_TO_32_BIT_CONVERSION</key>
				<string>YES</string>
				<key>GCC_WARN_ABOUT_RETURN_TYPE</key>
				<string>YES_ERROR</string>
				<key>GCC_WARN_UNDECLARED_SELECTOR</key>
				<string>YES</string>
				<key>GCC_WARN_UNINITIALIZED_AUTOS</key>
				<string>YES_AGGRESSIVE</string>
				<key>GCC_WARN_UNUSED_FUNCTION</key>
				<string>YES</string>
				<key>GCC_WARN_UNUSED_VARIABLE</key>
				<string>YES</string>
				<key>IPHONEOS_DEPLOYMENT_TARGET</key>
				<string>10.0</string>
				<key>MTL_ENABLE_DEBUG_INFO</key>
				<string>YES</string>
				<key>ONLY_ACTIVE_ARCH</key>
				<string>YES</string>
				<key>SDKROOT</key>
				<string>iphoneos</string>
				<key>SWIFT_ACTIVE_COMPILATION_CONDITIONS</key>
				<string>DEBUG</string>
				<key>SWIFT_OPTIMIZATION_LEVEL</key>
				<string>-Onone</string>
				<key>TARGETED_DEVICE_FAMILY</key>
				<string>1,2</string>
			</dict>
			<key>isa</key>
			<string>XCBuildConfiguration</string>
			<key>name</key>
			<string>Debug</string>
		</dict>
		<key>EF2753FD1D8BF8830085829B</key>
		<dict>
			<key>buildSettings</key>
			<dict>
				<key>ALWAYS_SEARCH_USER_PATHS</key>
				<string>NO</string>
				<key>CLANG_ANALYZER_NONNULL</key>
				<string>YES</string>
				<key>CLANG_CXX_LANGUAGE_STANDARD</key>
				<string>gnu++0x</string>
				<key>CLANG_CXX_LIBRARY</key>
				<string>libc++</string>
				<key>CLANG_ENABLE_MODULES</key>
				<string>YES</string>
				<key>CLANG_ENABLE_OBJC_ARC</key>
				<string>YES</string>
				<key>CLANG_WARN_BOOL_CONVERSION</key>
				<string>YES</string>
				<key>CLANG_WARN_CONSTANT_CONVERSION</key>
				<string>YES</string>
				<key>CLANG_WARN_DIRECT_OBJC_ISA_USAGE</key>
				<string>YES_ERROR</string>
				<key>CLANG_WARN_DOCUMENTATION_COMMENTS</key>
				<string>YES</string>
				<key>CLANG_WARN_EMPTY_BODY</key>
				<string>YES</string>
				<key>CLANG_WARN_ENUM_CONVERSION</key>
				<string>YES</string>
				<key>CLANG_WARN_INFINITE_RECURSION</key>
				<string>YES</string>
				<key>CLANG_WARN_INT_CONVERSION</key>
				<string>YES</string>
				<key>CLANG_WARN_OBJC_ROOT_CLASS</key>
				<string>YES_ERROR</string>
				<key>CLANG_WARN_SUSPICIOUS_MOVES</key>
				<string>YES</string>
				<key>CLANG_WARN_UNREACHABLE_CODE</key>
				<string>YES</string>
				<key>CLANG_WARN__DUPLICATE_METHOD_MATCH</key>
				<string>YES</string>
				<key>CODE_SIGN_IDENTITY[sdk=iphoneos*]</key>
				<string>iPhone Developer</string>
				<key>COPY_PHASE_STRIP</key>
				<string>NO</string>
				<key>DEBUG_INFORMATION_FORMAT</key>
				<string>dwarf-with-dsym</string>
				<key>ENABLE_NS_ASSERTIONS</key>
				<string>NO</string>
				<key>ENABLE_STRICT_OBJC_MSGSEND</key>
				<string>YES</string>
				<key>GCC_C_LANGUAGE_STANDARD</key>
				<string>gnu99</string>
				<key>GCC_NO_COMMON_BLOCKS</key>
				<string>YES</string>
				<key>GCC_WARN_64_TO_32_BIT_CONVERSION</key>
				<string>YES</string>
				<key>GCC_WARN_ABOUT_RETURN_TYPE</key>
				<string>YES_ERROR</string>
				<key>GCC_WARN_UNDECLARED_SELECTOR</key>
				<string>YES</string>
				<key>GCC_WARN_UNINITIALIZED_AUTOS</key>
				<string>YES_AGGRESSIVE</string>
				<key>GCC_WARN_UNUSED_FUNCTION</key>
				<string>YES</string>
				<key>GCC_WARN_UNUSED_VARIABLE</key>
				<string>YES</string>
				<key>IPHONEOS_DEPLOYMENT_TARGET</key>
				<string>10.0</string>
				<key>MTL_ENABLE_DEBUG_INFO</key>
				<string>NO</string>
				<key>SDKROOT</key>
				<string>iphoneos</string>
				<key>SWIFT_OPTIMIZATION_LEVEL</key>
				<string>-Owholemodule</string>
				<key>TARGETED_DEVICE_FAMILY</key>
				<string>1,2</string>
				<key>VALIDATE_PRODUCT</key>
				<string>YES</string>
			</dict>
			<key>isa</key>
			<string>XCBuildConfiguration</string>
			<key>name</key>
			<string>Release</string>
		</dict>
		<key>EF2753FE1D8BF8830085829B</key>
		<dict>
			<key>buildConfigurations</key>
			<array>
				<string>EF2753FF1D8BF8830085829B</string>
				<string>EF2754001D8BF8830085829B</string>
			</array>
			<key>defaultConfigurationIsVisible</key>
			<string>0</string>
			<key>defaultConfigurationName</key>
			<string>Release</string>
			<key>isa</key>
			<string>XCConfigurationList</string>
		</dict>
		<key>EF2753FF1D8BF8830085829B</key>
		<dict>
			<key>baseConfigurationReference</key>
			<string>851F0F02855ECA733AFFE6C3</string>
			<key>buildSettings</key>
			<dict>
				<key>ASSETCATALOG_COMPILER_APPICON_NAME</key>
				<string>AppIcon</string>
				<key>ASSETCATALOG_COMPILER_LAUNCHIMAGE_NAME</key>
				<string>LaunchImage</string>
				<key>DEVELOPMENT_TEAM</key>
				<string>GCWDE52XFU</string>
				<key>INFOPLIST_FILE</key>
				<string>DYZB_lhb/Info.plist</string>
				<key>IPHONEOS_DEPLOYMENT_TARGET</key>
				<string>9.0</string>
				<key>LD_RUNPATH_SEARCH_PATHS</key>
				<string>$(inherited) @executable_path/Frameworks</string>
				<key>PRODUCT_BUNDLE_IDENTIFIER</key>
				<string>com.lhb.company.DYZB-lhb</string>
				<key>PRODUCT_NAME</key>
				<string>$(TARGET_NAME)</string>
				<key>SWIFT_VERSION</key>
				<string>3.0</string>
				<key>TARGETED_DEVICE_FAMILY</key>
				<string>1</string>
			</dict>
			<key>isa</key>
			<string>XCBuildConfiguration</string>
			<key>name</key>
			<string>Debug</string>
		</dict>
		<key>EF2754001D8BF8830085829B</key>
		<dict>
			<key>baseConfigurationReference</key>
			<string>E31B50F299BC062F2B4886FA</string>
			<key>buildSettings</key>
			<dict>
				<key>ASSETCATALOG_COMPILER_APPICON_NAME</key>
				<string>AppIcon</string>
				<key>ASSETCATALOG_COMPILER_LAUNCHIMAGE_NAME</key>
				<string>LaunchImage</string>
				<key>DEVELOPMENT_TEAM</key>
				<string>GCWDE52XFU</string>
				<key>INFOPLIST_FILE</key>
				<string>DYZB_lhb/Info.plist</string>
				<key>IPHONEOS_DEPLOYMENT_TARGET</key>
				<string>9.0</string>
				<key>LD_RUNPATH_SEARCH_PATHS</key>
				<string>$(inherited) @executable_path/Frameworks</string>
				<key>PRODUCT_BUNDLE_IDENTIFIER</key>
				<string>com.lhb.company.DYZB-lhb</string>
				<key>PRODUCT_NAME</key>
				<string>$(TARGET_NAME)</string>
				<key>SWIFT_VERSION</key>
				<string>3.0</string>
				<key>TARGETED_DEVICE_FAMILY</key>
				<string>1</string>
			</dict>
			<key>isa</key>
			<string>XCBuildConfiguration</string>
			<key>name</key>
			<string>Release</string>
		</dict>
		<key>EF2754011D8BF8830085829B</key>
		<dict>
			<key>buildConfigurations</key>
			<array>
				<string>EF2754021D8BF8830085829B</string>
				<string>EF2754031D8BF8830085829B</string>
			</array>
			<key>defaultConfigurationIsVisible</key>
			<string>0</string>
			<key>defaultConfigurationName</key>
			<string>Release</string>
			<key>isa</key>
			<string>XCConfigurationList</string>
		</dict>
		<key>EF2754021D8BF8830085829B</key>
		<dict>
			<key>buildSettings</key>
			<dict>
				<key>ALWAYS_EMBED_SWIFT_STANDARD_LIBRARIES</key>
				<string>YES</string>
				<key>BUNDLE_LOADER</key>
				<string>$(TEST_HOST)</string>
				<key>DEVELOPMENT_TEAM</key>
				<string>GCWDE52XFU</string>
				<key>INFOPLIST_FILE</key>
				<string>DYZB_lhbTests/Info.plist</string>
				<key>LD_RUNPATH_SEARCH_PATHS</key>
				<string>$(inherited) @executable_path/Frameworks @loader_path/Frameworks</string>
				<key>PRODUCT_BUNDLE_IDENTIFIER</key>
				<string>com.lhb.company.DYZB-lhbTests</string>
				<key>PRODUCT_NAME</key>
				<string>$(TARGET_NAME)</string>
				<key>SWIFT_VERSION</key>
				<string>3.0</string>
				<key>TEST_HOST</key>
				<string>$(BUILT_PRODUCTS_DIR)/DYZB_lhb.app/DYZB_lhb</string>
			</dict>
			<key>isa</key>
			<string>XCBuildConfiguration</string>
			<key>name</key>
			<string>Debug</string>
		</dict>
		<key>EF2754031D8BF8830085829B</key>
		<dict>
			<key>buildSettings</key>
			<dict>
				<key>ALWAYS_EMBED_SWIFT_STANDARD_LIBRARIES</key>
				<string>YES</string>
				<key>BUNDLE_LOADER</key>
				<string>$(TEST_HOST)</string>
				<key>DEVELOPMENT_TEAM</key>
				<string>GCWDE52XFU</string>
				<key>INFOPLIST_FILE</key>
				<string>DYZB_lhbTests/Info.plist</string>
				<key>LD_RUNPATH_SEARCH_PATHS</key>
				<string>$(inherited) @executable_path/Frameworks @loader_path/Frameworks</string>
				<key>PRODUCT_BUNDLE_IDENTIFIER</key>
				<string>com.lhb.company.DYZB-lhbTests</string>
				<key>PRODUCT_NAME</key>
				<string>$(TARGET_NAME)</string>
				<key>SWIFT_VERSION</key>
				<string>3.0</string>
				<key>TEST_HOST</key>
				<string>$(BUILT_PRODUCTS_DIR)/DYZB_lhb.app/DYZB_lhb</string>
			</dict>
			<key>isa</key>
			<string>XCBuildConfiguration</string>
			<key>name</key>
			<string>Release</string>
		</dict>
		<key>EF2754041D8BF8830085829B</key>
		<dict>
			<key>buildConfigurations</key>
			<array>
				<string>EF2754051D8BF8830085829B</string>
				<string>EF2754061D8BF8830085829B</string>
			</array>
			<key>defaultConfigurationIsVisible</key>
			<string>0</string>
			<key>defaultConfigurationName</key>
			<string>Release</string>
			<key>isa</key>
			<string>XCConfigurationList</string>
		</dict>
		<key>EF2754051D8BF8830085829B</key>
		<dict>
			<key>buildSettings</key>
			<dict>
				<key>ALWAYS_EMBED_SWIFT_STANDARD_LIBRARIES</key>
				<string>YES</string>
				<key>DEVELOPMENT_TEAM</key>
				<string>GCWDE52XFU</string>
				<key>INFOPLIST_FILE</key>
				<string>DYZB_lhbUITests/Info.plist</string>
				<key>LD_RUNPATH_SEARCH_PATHS</key>
				<string>$(inherited) @executable_path/Frameworks @loader_path/Frameworks</string>
				<key>PRODUCT_BUNDLE_IDENTIFIER</key>
				<string>com.lhb.company.DYZB-lhbUITests</string>
				<key>PRODUCT_NAME</key>
				<string>$(TARGET_NAME)</string>
				<key>SWIFT_VERSION</key>
				<string>3.0</string>
				<key>TEST_TARGET_NAME</key>
				<string>DYZB_lhb</string>
			</dict>
			<key>isa</key>
			<string>XCBuildConfiguration</string>
			<key>name</key>
			<string>Debug</string>
		</dict>
		<key>EF2754061D8BF8830085829B</key>
		<dict>
			<key>buildSettings</key>
			<dict>
				<key>ALWAYS_EMBED_SWIFT_STANDARD_LIBRARIES</key>
				<string>YES</string>
				<key>DEVELOPMENT_TEAM</key>
				<string>GCWDE52XFU</string>
				<key>INFOPLIST_FILE</key>
				<string>DYZB_lhbUITests/Info.plist</string>
				<key>LD_RUNPATH_SEARCH_PATHS</key>
				<string>$(inherited) @executable_path/Frameworks @loader_path/Frameworks</string>
				<key>PRODUCT_BUNDLE_IDENTIFIER</key>
				<string>com.lhb.company.DYZB-lhbUITests</string>
				<key>PRODUCT_NAME</key>
				<string>$(TARGET_NAME)</string>
				<key>SWIFT_VERSION</key>
				<string>3.0</string>
				<key>TEST_TARGET_NAME</key>
				<string>DYZB_lhb</string>
			</dict>
			<key>isa</key>
			<string>XCBuildConfiguration</string>
			<key>name</key>
			<string>Release</string>
		</dict>
		<key>EF2754071D8C03E00085829B</key>
		<dict>
			<key>children</key>
			<array>
				<string>EF27540B1D8C03E00085829B</string>
				<string>EF2754091D8C03E00085829B</string>
				<string>EF27540A1D8C03E00085829B</string>
				<string>EF2754081D8C03E00085829B</string>
				<string>EF27540C1D8C03E00085829B</string>
				<string>EF27540D1D8C03E00085829B</string>
			</array>
			<key>isa</key>
			<string>PBXGroup</string>
			<key>path</key>
			<string>Classes</string>
			<key>sourceTree</key>
			<string>&lt;group&gt;</string>
		</dict>
		<key>EF2754081D8C03E00085829B</key>
		<dict>
			<key>children</key>
			<array>
				<string>EF2754271D8C385A0085829B</string>
			</array>
			<key>isa</key>
			<string>PBXGroup</string>
			<key>path</key>
			<string>Follow</string>
			<key>sourceTree</key>
			<string>&lt;group&gt;</string>
		</dict>
		<key>EF2754091D8C03E00085829B</key>
		<dict>
			<key>children</key>
			<array>
				<string>EFE249291D8CF20A008C3CD9</string>
				<string>EFE2492A1D8CF20A008C3CD9</string>
				<string>EFE249281D8CF20A008C3CD9</string>
			</array>
			<key>isa</key>
			<string>PBXGroup</string>
			<key>path</key>
			<string>Home</string>
			<key>sourceTree</key>
			<string>&lt;group&gt;</string>
		</dict>
		<key>EF27540A1D8C03E00085829B</key>
		<dict>
			<key>children</key>
			<array>
				<string>EF2754231D8C381A0085829B</string>
			</array>
			<key>isa</key>
			<string>PBXGroup</string>
			<key>path</key>
			<string>Live</string>
			<key>sourceTree</key>
			<string>&lt;group&gt;</string>
		</dict>
		<key>EF27540B1D8C03E00085829B</key>
		<dict>
			<key>children</key>
			<array>
				<string>EFE2492D1D8CF284008C3CD9</string>
				<string>EFE2492E1D8CF284008C3CD9</string>
				<string>EFE2492B1D8CF284008C3CD9</string>
			</array>
			<key>isa</key>
			<string>PBXGroup</string>
			<key>path</key>
			<string>MainDYZB</string>
			<key>sourceTree</key>
			<string>&lt;group&gt;</string>
		</dict>
		<key>EF27540C1D8C03E00085829B</key>
		<dict>
			<key>children</key>
			<array>
				<string>EF27542A1D8C387E0085829B</string>
			</array>
			<key>isa</key>
			<string>PBXGroup</string>
			<key>path</key>
			<string>Profile</string>
			<key>sourceTree</key>
			<string>&lt;group&gt;</string>
		</dict>
		<key>EF27540D1D8C03E00085829B</key>
		<dict>
			<key>children</key>
			<array>
				<string>EFBB92C11D8D4CF30023D919</string>
				<string>EFBB92BA1D8D3C350023D919</string>
			</array>
			<key>isa</key>
			<string>PBXGroup</string>
			<key>path</key>
			<string>Tools</string>
			<key>sourceTree</key>
			<string>&lt;group&gt;</string>
		</dict>
		<key>EF2754111D8C31040085829B</key>
		<dict>
			<key>isa</key>
			<string>PBXFileReference</string>
			<key>lastKnownFileType</key>
			<string>folder.assetcatalog</string>
			<key>path</key>
			<string>Assets.xcassets</string>
			<key>sourceTree</key>
			<string>&lt;group&gt;</string>
		</dict>
		<key>EF2754171D8C31040085829B</key>
		<dict>
			<key>fileEncoding</key>
			<string>4</string>
			<key>isa</key>
			<string>PBXFileReference</string>
			<key>lastKnownFileType</key>
			<string>text.plist.xml</string>
			<key>path</key>
			<string>Info.plist</string>
			<key>sourceTree</key>
			<string>&lt;group&gt;</string>
		</dict>
		<key>EF2754181D8C31040085829B</key>
		<dict>
			<key>fileRef</key>
			<string>EF2754111D8C31040085829B</string>
			<key>isa</key>
			<string>PBXBuildFile</string>
		</dict>
		<key>EF27541B1D8C31040085829B</key>
		<dict>
			<key>fileRef</key>
			<string>EF2754171D8C31040085829B</string>
			<key>isa</key>
			<string>PBXBuildFile</string>
		</dict>
		<key>EF27541C1D8C31670085829B</key>
		<dict>
			<key>fileEncoding</key>
			<string>4</string>
			<key>isa</key>
			<string>PBXFileReference</string>
			<key>lastKnownFileType</key>
			<string>file.storyboard</string>
			<key>path</key>
			<string>LaunchScreen.storyboard</string>
			<key>sourceTree</key>
			<string>&lt;group&gt;</string>
		</dict>
		<key>EF27541D1D8C31670085829B</key>
		<dict>
			<key>fileEncoding</key>
			<string>4</string>
			<key>isa</key>
			<string>PBXFileReference</string>
			<key>lastKnownFileType</key>
			<string>file.storyboard</string>
			<key>name</key>
			<string>Main.storyboard</string>
			<key>path</key>
			<string>../../../Main.storyboard</string>
			<key>sourceTree</key>
			<string>&lt;group&gt;</string>
		</dict>
		<key>EF27541E1D8C31670085829B</key>
		<dict>
			<key>fileRef</key>
			<string>EF27541C1D8C31670085829B</string>
			<key>isa</key>
			<string>PBXBuildFile</string>
		</dict>
		<key>EF27541F1D8C31670085829B</key>
		<dict>
			<key>fileRef</key>
			<string>EF27541D1D8C31670085829B</string>
			<key>isa</key>
			<string>PBXBuildFile</string>
		</dict>
		<key>EF2754201D8C37FA0085829B</key>
		<dict>
			<key>children</key>
			<array>
				<string>EF2754211D8C37FA0085829B</string>
			</array>
			<key>isa</key>
			<string>PBXVariantGroup</string>
			<key>name</key>
			<string>Home.storyboard</string>
			<key>path</key>
			<string>../../MainDYZB</string>
			<key>sourceTree</key>
			<string>&lt;group&gt;</string>
		</dict>
		<key>EF2754211D8C37FA0085829B</key>
		<dict>
			<key>isa</key>
			<string>PBXFileReference</string>
			<key>lastKnownFileType</key>
			<string>file.storyboard</string>
			<key>name</key>
			<string>Base</string>
			<key>path</key>
			<string>DYZB_lhb/Base.lproj/Home.storyboard</string>
			<key>sourceTree</key>
			<string>SOURCE_ROOT</string>
		</dict>
		<key>EF2754221D8C37FA0085829B</key>
		<dict>
			<key>fileRef</key>
			<string>EF2754201D8C37FA0085829B</string>
			<key>isa</key>
			<string>PBXBuildFile</string>
		</dict>
		<key>EF2754231D8C381A0085829B</key>
		<dict>
			<key>fileEncoding</key>
			<string>4</string>
			<key>isa</key>
			<string>PBXFileReference</string>
			<key>lastKnownFileType</key>
			<string>file.storyboard</string>
			<key>name</key>
			<string>Live.storyboard</string>
			<key>path</key>
			<string>DYZB_lhb/Live.storyboard</string>
			<key>sourceTree</key>
			<string>SOURCE_ROOT</string>
		</dict>
		<key>EF2754241D8C381A0085829B</key>
		<dict>
			<key>fileRef</key>
			<string>EF2754231D8C381A0085829B</string>
			<key>isa</key>
			<string>PBXBuildFile</string>
		</dict>
		<key>EF2754271D8C385A0085829B</key>
		<dict>
			<key>children</key>
			<array>
				<string>EF2754281D8C385A0085829B</string>
			</array>
			<key>isa</key>
			<string>PBXVariantGroup</string>
			<key>name</key>
			<string>Follow.storyboard</string>
			<key>path</key>
			<string>../MainDYZB</string>
			<key>sourceTree</key>
			<string>&lt;group&gt;</string>
		</dict>
		<key>EF2754281D8C385A0085829B</key>
		<dict>
			<key>isa</key>
			<string>PBXFileReference</string>
			<key>lastKnownFileType</key>
			<string>file.storyboard</string>
			<key>name</key>
			<string>Base</string>
			<key>path</key>
			<string>DYZB_lhb/Base.lproj/Follow.storyboard</string>
			<key>sourceTree</key>
			<string>SOURCE_ROOT</string>
		</dict>
		<key>EF2754291D8C385A0085829B</key>
		<dict>
			<key>fileRef</key>
			<string>EF2754271D8C385A0085829B</string>
			<key>isa</key>
			<string>PBXBuildFile</string>
		</dict>
		<key>EF27542A1D8C387E0085829B</key>
		<dict>
			<key>children</key>
			<array>
				<string>EF27542B1D8C387E0085829B</string>
			</array>
			<key>isa</key>
			<string>PBXVariantGroup</string>
			<key>name</key>
			<string>Profile.storyboard</string>
			<key>path</key>
			<string>../MainDYZB</string>
			<key>sourceTree</key>
			<string>&lt;group&gt;</string>
		</dict>
		<key>EF27542B1D8C387E0085829B</key>
		<dict>
			<key>isa</key>
			<string>PBXFileReference</string>
			<key>lastKnownFileType</key>
			<string>file.storyboard</string>
			<key>name</key>
			<string>Base</string>
			<key>path</key>
			<string>DYZB_lhb/Base.lproj/Profile.storyboard</string>
			<key>sourceTree</key>
			<string>SOURCE_ROOT</string>
		</dict>
		<key>EF27542C1D8C387E0085829B</key>
		<dict>
			<key>fileRef</key>
			<string>EF27542A1D8C387E0085829B</string>
			<key>isa</key>
			<string>PBXBuildFile</string>
		</dict>
		<key>EF7591B41D910E5C00FED62E</key>
		<dict>
			<key>fileEncoding</key>
			<string>4</string>
			<key>isa</key>
			<string>PBXFileReference</string>
			<key>lastKnownFileType</key>
			<string>sourcecode.swift</string>
			<key>path</key>
			<string>DouYuAPI.swift</string>
			<key>sourceTree</key>
			<string>&lt;group&gt;</string>
		</dict>
		<key>EF7591B51D910E5C00FED62E</key>
		<dict>
			<key>fileRef</key>
			<string>EF7591B41D910E5C00FED62E</string>
			<key>isa</key>
			<string>PBXBuildFile</string>
		</dict>
		<key>EF7591B61D9112E100FED62E</key>
		<dict>
			<key>fileEncoding</key>
			<string>4</string>
			<key>isa</key>
			<string>PBXFileReference</string>
			<key>lastKnownFileType</key>
			<string>sourcecode.swift</string>
			<key>path</key>
			<string>Alamofire4.0Demo.swift</string>
			<key>sourceTree</key>
			<string>&lt;group&gt;</string>
		</dict>
		<key>EF7591B71D9112E100FED62E</key>
		<dict>
			<key>fileRef</key>
			<string>EF7591B61D9112E100FED62E</string>
			<key>isa</key>
			<string>PBXBuildFile</string>
		</dict>
		<key>EF828CE11D8F7A2D007DDF65</key>
		<dict>
			<key>fileEncoding</key>
			<string>4</string>
			<key>isa</key>
			<string>PBXFileReference</string>
			<key>lastKnownFileType</key>
			<string>sourcecode.swift</string>
			<key>path</key>
			<string>RecommendViewController.swift</string>
			<key>sourceTree</key>
			<string>&lt;group&gt;</string>
		</dict>
		<key>EF828CE21D8F7A2D007DDF65</key>
		<dict>
			<key>fileRef</key>
			<string>EF828CE11D8F7A2D007DDF65</string>
			<key>isa</key>
			<string>PBXBuildFile</string>
		</dict>
		<key>EF828CE31D8F8728007DDF65</key>
		<dict>
			<key>fileEncoding</key>
			<string>4</string>
			<key>isa</key>
			<string>PBXFileReference</string>
			<key>lastKnownFileType</key>
			<string>sourcecode.swift</string>
			<key>path</key>
			<string>CollectionHeaderView.swift</string>
			<key>sourceTree</key>
			<string>&lt;group&gt;</string>
		</dict>
		<key>EF828CE41D8F8728007DDF65</key>
		<dict>
			<key>fileEncoding</key>
			<string>4</string>
			<key>isa</key>
			<string>PBXFileReference</string>
			<key>lastKnownFileType</key>
			<string>file.xib</string>
			<key>path</key>
			<string>CollectionHeaderView.xib</string>
			<key>sourceTree</key>
			<string>&lt;group&gt;</string>
		</dict>
		<key>EF828CE51D8F8728007DDF65</key>
		<dict>
			<key>fileRef</key>
			<string>EF828CE31D8F8728007DDF65</string>
			<key>isa</key>
			<string>PBXBuildFile</string>
		</dict>
		<key>EF828CE61D8F8728007DDF65</key>
		<dict>
			<key>fileRef</key>
			<string>EF828CE41D8F8728007DDF65</string>
			<key>isa</key>
			<string>PBXBuildFile</string>
		</dict>
		<key>EF828CE71D8F9320007DDF65</key>
		<dict>
			<key>fileEncoding</key>
			<string>4</string>
			<key>isa</key>
			<string>PBXFileReference</string>
			<key>lastKnownFileType</key>
			<string>sourcecode.swift</string>
			<key>path</key>
			<string>CollectionNormalCell.swift</string>
			<key>sourceTree</key>
			<string>&lt;group&gt;</string>
		</dict>
		<key>EF828CE81D8F9320007DDF65</key>
		<dict>
			<key>fileEncoding</key>
			<string>4</string>
			<key>isa</key>
			<string>PBXFileReference</string>
			<key>lastKnownFileType</key>
			<string>file.xib</string>
			<key>path</key>
			<string>CollectionNormalCell.xib</string>
			<key>sourceTree</key>
			<string>&lt;group&gt;</string>
		</dict>
		<key>EF828CE91D8F9320007DDF65</key>
		<dict>
			<key>fileRef</key>
			<string>EF828CE71D8F9320007DDF65</string>
			<key>isa</key>
			<string>PBXBuildFile</string>
		</dict>
		<key>EF828CEA1D8F9320007DDF65</key>
		<dict>
			<key>fileRef</key>
			<string>EF828CE81D8F9320007DDF65</string>
			<key>isa</key>
			<string>PBXBuildFile</string>
		</dict>
		<key>EF828CEB1D8F98E6007DDF65</key>
		<dict>
			<key>fileEncoding</key>
			<string>4</string>
			<key>isa</key>
			<string>PBXFileReference</string>
			<key>lastKnownFileType</key>
			<string>sourcecode.swift</string>
			<key>path</key>
			<string>CollectionPrettyCell.swift</string>
			<key>sourceTree</key>
			<string>&lt;group&gt;</string>
		</dict>
		<key>EF828CEC1D8F98E6007DDF65</key>
		<dict>
			<key>fileEncoding</key>
			<string>4</string>
			<key>isa</key>
			<string>PBXFileReference</string>
			<key>lastKnownFileType</key>
			<string>file.xib</string>
			<key>path</key>
			<string>CollectionPrettyCell.xib</string>
			<key>sourceTree</key>
			<string>&lt;group&gt;</string>
		</dict>
		<key>EF828CED1D8F98E6007DDF65</key>
		<dict>
			<key>fileRef</key>
			<string>EF828CEB1D8F98E6007DDF65</string>
			<key>isa</key>
			<string>PBXBuildFile</string>
		</dict>
		<key>EF828CEE1D8F98E6007DDF65</key>
		<dict>
			<key>fileRef</key>
			<string>EF828CEC1D8F98E6007DDF65</string>
			<key>isa</key>
			<string>PBXBuildFile</string>
		</dict>
		<key>EFBB92BA1D8D3C350023D919</key>
		<dict>
			<key>children</key>
			<array>
				<string>EFBB92BD1D8D3D3A0023D919</string>
				<string>EF1F79091D8D7DAA00E3247D</string>
			</array>
			<key>isa</key>
			<string>PBXGroup</string>
			<key>path</key>
			<string>Extension</string>
			<key>sourceTree</key>
			<string>&lt;group&gt;</string>
		</dict>
		<key>EFBB92BD1D8D3D3A0023D919</key>
		<dict>
			<key>fileEncoding</key>
			<string>4</string>
			<key>isa</key>
			<string>PBXFileReference</string>
			<key>lastKnownFileType</key>
			<string>sourcecode.swift</string>
			<key>path</key>
			<string>UIBarButtonItem-Extension.swift</string>
			<key>sourceTree</key>
			<string>&lt;group&gt;</string>
		</dict>
		<key>EFBB92BE1D8D3D3A0023D919</key>
		<dict>
			<key>fileRef</key>
			<string>EFBB92BD1D8D3D3A0023D919</string>
			<key>isa</key>
			<string>PBXBuildFile</string>
		</dict>
		<key>EFBB92BF1D8D49F00023D919</key>
		<dict>
			<key>fileEncoding</key>
			<string>4</string>
			<key>isa</key>
			<string>PBXFileReference</string>
			<key>lastKnownFileType</key>
			<string>sourcecode.swift</string>
			<key>path</key>
			<string>PageTitleView.swift</string>
			<key>sourceTree</key>
			<string>&lt;group&gt;</string>
		</dict>
		<key>EFBB92C01D8D49F00023D919</key>
		<dict>
			<key>fileRef</key>
			<string>EFBB92BF1D8D49F00023D919</string>
			<key>isa</key>
			<string>PBXBuildFile</string>
		</dict>
		<key>EFBB92C11D8D4CF30023D919</key>
		<dict>
			<key>fileEncoding</key>
			<string>4</string>
			<key>isa</key>
			<string>PBXFileReference</string>
			<key>lastKnownFileType</key>
			<string>sourcecode.swift</string>
			<key>name</key>
			<string>Common.swift</string>
			<key>path</key>
			<string>Extension/Common.swift</string>
			<key>sourceTree</key>
			<string>&lt;group&gt;</string>
		</dict>
		<key>EFBB92C21D8D4CF30023D919</key>
		<dict>
			<key>fileRef</key>
			<string>EFBB92C11D8D4CF30023D919</string>
			<key>isa</key>
			<string>PBXBuildFile</string>
		</dict>
		<key>EFE249281D8CF20A008C3CD9</key>
		<dict>
			<key>children</key>
			<array>
				<string>EF2754201D8C37FA0085829B</string>
				<string>EFE249301D8CF2F0008C3CD9</string>
				<string>EF828CE11D8F7A2D007DDF65</string>
			</array>
			<key>isa</key>
			<string>PBXGroup</string>
			<key>path</key>
			<string>Controller</string>
			<key>sourceTree</key>
			<string>&lt;group&gt;</string>
		</dict>
		<key>EFE249291D8CF20A008C3CD9</key>
		<dict>
			<key>children</key>
			<array/>
			<key>isa</key>
			<string>PBXGroup</string>
			<key>path</key>
			<string>Model</string>
			<key>sourceTree</key>
			<string>&lt;group&gt;</string>
		</dict>
		<key>EFE2492A1D8CF20A008C3CD9</key>
		<dict>
			<key>children</key>
			<array>
				<string>EF828CE31D8F8728007DDF65</string>
				<string>EF828CE41D8F8728007DDF65</string>
			</array>
			<key>isa</key>
			<string>PBXGroup</string>
			<key>path</key>
			<string>View</string>
			<key>sourceTree</key>
			<string>&lt;group&gt;</string>
		</dict>
		<key>EFE2492B1D8CF284008C3CD9</key>
		<dict>
			<key>children</key>
			<array>
				<string>EF27541D1D8C31670085829B</string>
				<string>EFE2492C1D8CF284008C3CD9</string>
			</array>
			<key>isa</key>
			<string>PBXGroup</string>
			<key>path</key>
			<string>Controller</string>
			<key>sourceTree</key>
			<string>&lt;group&gt;</string>
		</dict>
		<key>EFE2492C1D8CF284008C3CD9</key>
		<dict>
			<key>fileEncoding</key>
			<string>4</string>
			<key>isa</key>
			<string>PBXFileReference</string>
			<key>lastKnownFileType</key>
			<string>sourcecode.swift</string>
			<key>path</key>
			<string>MainViewController.swift</string>
			<key>sourceTree</key>
			<string>&lt;group&gt;</string>
		</dict>
		<key>EFE2492D1D8CF284008C3CD9</key>
		<dict>
			<key>children</key>
			<array/>
			<key>isa</key>
			<string>PBXGroup</string>
			<key>path</key>
			<string>Model</string>
			<key>sourceTree</key>
			<string>&lt;group&gt;</string>
		</dict>
		<key>EFE2492E1D8CF284008C3CD9</key>
		<dict>
			<key>children</key>
			<array>
				<string>EFBB92BF1D8D49F00023D919</string>
				<string>EF1F79071D8D7A1000E3247D</string>
				<string>EF828CE81D8F9320007DDF65</string>
				<string>EF828CE71D8F9320007DDF65</string>
				<string>EF828CEC1D8F98E6007DDF65</string>
				<string>EF828CEB1D8F98E6007DDF65</string>
			</array>
			<key>isa</key>
			<string>PBXGroup</string>
			<key>path</key>
			<string>View</string>
			<key>sourceTree</key>
			<string>&lt;group&gt;</string>
		</dict>
		<key>EFE2492F1D8CF284008C3CD9</key>
		<dict>
			<key>fileRef</key>
			<string>EFE2492C1D8CF284008C3CD9</string>
			<key>isa</key>
			<string>PBXBuildFile</string>
		</dict>
		<key>EFE249301D8CF2F0008C3CD9</key>
		<dict>
			<key>fileEncoding</key>
			<string>4</string>
			<key>isa</key>
			<string>PBXFileReference</string>
			<key>lastKnownFileType</key>
			<string>sourcecode.swift</string>
			<key>path</key>
			<string>HomeViewController.swift</string>
			<key>sourceTree</key>
			<string>&lt;group&gt;</string>
		</dict>
		<key>EFE249311D8CF2F0008C3CD9</key>
		<dict>
			<key>fileRef</key>
			<string>EFE249301D8CF2F0008C3CD9</string>
			<key>isa</key>
			<string>PBXBuildFile</string>
		</dict>
	</dict>
	<key>rootObject</key>
	<string>EF2753CE1D8BF8820085829B</string>
</dict>
</plist>
