// !$*UTF8*$!
{
	archiveVersion = 1;
	classes = {
	};
	objectVersion = 46;
	objects = {

/* Begin PBXBuildFile section */
		8BA804F1B27A836FC2CADE50 /* Pods_DYZB_lhb.framework in Frameworks */ = {isa = PBXBuildFile; fileRef = 620C43A4443197AB13CCCB9C /* Pods_DYZB_lhb.framework */; };
		EF1F79081D8D7A1000E3247D /* PageContentView.swift in Sources */ = {isa = PBXBuildFile; fileRef = EF1F79071D8D7A1000E3247D /* PageContentView.swift */; };
		EF1F790A1D8D7DAA00E3247D /* UIColor-Extension.swift in Sources */ = {isa = PBXBuildFile; fileRef = EF1F79091D8D7DAA00E3247D /* UIColor-Extension.swift */; };
		EF2753DA1D8BF8820085829B /* AppDelegate.swift in Sources */ = {isa = PBXBuildFile; fileRef = EF2753D91D8BF8820085829B /* AppDelegate.swift */; };
		EF2753EF1D8BF8830085829B /* DYZB_lhbTests.swift in Sources */ = {isa = PBXBuildFile; fileRef = EF2753EE1D8BF8830085829B /* DYZB_lhbTests.swift */; };
		EF2753FA1D8BF8830085829B /* DYZB_lhbUITests.swift in Sources */ = {isa = PBXBuildFile; fileRef = EF2753F91D8BF8830085829B /* DYZB_lhbUITests.swift */; };
		EF2754181D8C31040085829B /* Assets.xcassets in Resources */ = {isa = PBXBuildFile; fileRef = EF2754111D8C31040085829B /* Assets.xcassets */; };
		EF27541B1D8C31040085829B /* Info.plist in Resources */ = {isa = PBXBuildFile; fileRef = EF2754171D8C31040085829B /* Info.plist */; };
		EF27541E1D8C31670085829B /* LaunchScreen.storyboard in Resources */ = {isa = PBXBuildFile; fileRef = EF27541C1D8C31670085829B /* LaunchScreen.storyboard */; };
		EF27541F1D8C31670085829B /* Main.storyboard in Resources */ = {isa = PBXBuildFile; fileRef = EF27541D1D8C31670085829B /* Main.storyboard */; };
		EF2754221D8C37FA0085829B /* Home.storyboard in Resources */ = {isa = PBXBuildFile; fileRef = EF2754201D8C37FA0085829B /* Home.storyboard */; };
		EF2754241D8C381A0085829B /* Live.storyboard in Resources */ = {isa = PBXBuildFile; fileRef = EF2754231D8C381A0085829B /* Live.storyboard */; };
		EF2754291D8C385A0085829B /* Follow.storyboard in Resources */ = {isa = PBXBuildFile; fileRef = EF2754271D8C385A0085829B /* Follow.storyboard */; };
		EF27542C1D8C387E0085829B /* Profile.storyboard in Resources */ = {isa = PBXBuildFile; fileRef = EF27542A1D8C387E0085829B /* Profile.storyboard */; };
		EF828CE21D8F7A2D007DDF65 /* RecommendViewController.swift in Sources */ = {isa = PBXBuildFile; fileRef = EF828CE11D8F7A2D007DDF65 /* RecommendViewController.swift */; };
		EF828CE51D8F8728007DDF65 /* CollectionHeaderView.swift in Sources */ = {isa = PBXBuildFile; fileRef = EF828CE31D8F8728007DDF65 /* CollectionHeaderView.swift */; };
		EF828CE61D8F8728007DDF65 /* CollectionHeaderView.xib in Resources */ = {isa = PBXBuildFile; fileRef = EF828CE41D8F8728007DDF65 /* CollectionHeaderView.xib */; };
		EF828CE91D8F9320007DDF65 /* CollectionNormalCell.swift in Sources */ = {isa = PBXBuildFile; fileRef = EF828CE71D8F9320007DDF65 /* CollectionNormalCell.swift */; };
		EF828CEA1D8F9320007DDF65 /* CollectionNormalCell.xib in Resources */ = {isa = PBXBuildFile; fileRef = EF828CE81D8F9320007DDF65 /* CollectionNormalCell.xib */; };
		EF828CED1D8F98E6007DDF65 /* CollectionPrettyCell.swift in Sources */ = {isa = PBXBuildFile; fileRef = EF828CEB1D8F98E6007DDF65 /* CollectionPrettyCell.swift */; };
		EF828CEE1D8F98E6007DDF65 /* CollectionPrettyCell.xib in Resources */ = {isa = PBXBuildFile; fileRef = EF828CEC1D8F98E6007DDF65 /* CollectionPrettyCell.xib */; };
		EF8562BF1D9116E300510AA9 /* Alamofire4.0Demo.swift in Sources */ = {isa = PBXBuildFile; fileRef = EF8562BD1D9116E300510AA9 /* Alamofire4.0Demo.swift */; };
		EF8562C01D9116E300510AA9 /* DouYuAPI.swift in Sources */ = {isa = PBXBuildFile; fileRef = EF8562BE1D9116E300510AA9 /* DouYuAPI.swift */; };
		EF8562C21D91182700510AA9 /* NetworkTools.swift in Sources */ = {isa = PBXBuildFile; fileRef = EF8562C11D91182700510AA9 /* NetworkTools.swift */; };
		EF8562C51D913BDA00510AA9 /* RecommendViewModel.swift in Sources */ = {isa = PBXBuildFile; fileRef = EF8562C41D913BDA00510AA9 /* RecommendViewModel.swift */; };
		EF8562C71D91425400510AA9 /* NSDate-Extension.swift in Sources */ = {isa = PBXBuildFile; fileRef = EF8562C61D91425400510AA9 /* NSDate-Extension.swift */; };
		EF8562C91D917AD200510AA9 /* AnchorGroup.swift in Sources */ = {isa = PBXBuildFile; fileRef = EF8562C81D917AD200510AA9 /* AnchorGroup.swift */; };
		EF8562CB1D917EF400510AA9 /* AnchorModel.swift in Sources */ = {isa = PBXBuildFile; fileRef = EF8562CA1D917EF400510AA9 /* AnchorModel.swift */; };
		EF8562CD1D91ADA100510AA9 /* CollectionBaseCell.swift in Sources */ = {isa = PBXBuildFile; fileRef = EF8562CC1D91ADA100510AA9 /* CollectionBaseCell.swift */; };
		EFBB92BE1D8D3D3A0023D919 /* UIBarButtonItem-Extension.swift in Sources */ = {isa = PBXBuildFile; fileRef = EFBB92BD1D8D3D3A0023D919 /* UIBarButtonItem-Extension.swift */; };
		EFBB92C01D8D49F00023D919 /* PageTitleView.swift in Sources */ = {isa = PBXBuildFile; fileRef = EFBB92BF1D8D49F00023D919 /* PageTitleView.swift */; };
		EFBB92C21D8D4CF30023D919 /* Common.swift in Sources */ = {isa = PBXBuildFile; fileRef = EFBB92C11D8D4CF30023D919 /* Common.swift */; };
		EFE2492F1D8CF284008C3CD9 /* MainViewController.swift in Sources */ = {isa = PBXBuildFile; fileRef = EFE2492C1D8CF284008C3CD9 /* MainViewController.swift */; };
		EFE249311D8CF2F0008C3CD9 /* HomeViewController.swift in Sources */ = {isa = PBXBuildFile; fileRef = EFE249301D8CF2F0008C3CD9 /* HomeViewController.swift */; };
/* End PBXBuildFile section */

/* Begin PBXContainerItemProxy section */
		EF2753EB1D8BF8830085829B /* PBXContainerItemProxy */ = {
			isa = PBXContainerItemProxy;
			containerPortal = EF2753CE1D8BF8820085829B /* Project object */;
			proxyType = 1;
			remoteGlobalIDString = EF2753D51D8BF8820085829B;
			remoteInfo = DYZB_lhb;
		};
		EF2753F61D8BF8830085829B /* PBXContainerItemProxy */ = {
			isa = PBXContainerItemProxy;
			containerPortal = EF2753CE1D8BF8820085829B /* Project object */;
			proxyType = 1;
			remoteGlobalIDString = EF2753D51D8BF8820085829B;
			remoteInfo = DYZB_lhb;
		};
/* End PBXContainerItemProxy section */

/* Begin PBXFileReference section */
		620C43A4443197AB13CCCB9C /* Pods_DYZB_lhb.framework */ = {isa = PBXFileReference; explicitFileType = wrapper.framework; includeInIndex = 0; path = Pods_DYZB_lhb.framework; sourceTree = BUILT_PRODUCTS_DIR; };
		851F0F02855ECA733AFFE6C3 /* Pods-DYZB_lhb.debug.xcconfig */ = {isa = PBXFileReference; includeInIndex = 1; lastKnownFileType = text.xcconfig; name = "Pods-DYZB_lhb.debug.xcconfig"; path = "Pods/Target Support Files/Pods-DYZB_lhb/Pods-DYZB_lhb.debug.xcconfig"; sourceTree = "<group>"; };
		E31B50F299BC062F2B4886FA /* Pods-DYZB_lhb.release.xcconfig */ = {isa = PBXFileReference; includeInIndex = 1; lastKnownFileType = text.xcconfig; name = "Pods-DYZB_lhb.release.xcconfig"; path = "Pods/Target Support Files/Pods-DYZB_lhb/Pods-DYZB_lhb.release.xcconfig"; sourceTree = "<group>"; };
		EF1F79071D8D7A1000E3247D /* PageContentView.swift */ = {isa = PBXFileReference; fileEncoding = 4; lastKnownFileType = sourcecode.swift; path = PageContentView.swift; sourceTree = "<group>"; };
		EF1F79091D8D7DAA00E3247D /* UIColor-Extension.swift */ = {isa = PBXFileReference; fileEncoding = 4; lastKnownFileType = sourcecode.swift; path = "UIColor-Extension.swift"; sourceTree = "<group>"; };
		EF2753D61D8BF8820085829B /* DYZB_lhb.app */ = {isa = PBXFileReference; explicitFileType = wrapper.application; includeInIndex = 0; path = DYZB_lhb.app; sourceTree = BUILT_PRODUCTS_DIR; };
		EF2753D91D8BF8820085829B /* AppDelegate.swift */ = {isa = PBXFileReference; lastKnownFileType = sourcecode.swift; path = AppDelegate.swift; sourceTree = "<group>"; };
		EF2753EA1D8BF8830085829B /* DYZB_lhbTests.xctest */ = {isa = PBXFileReference; explicitFileType = wrapper.cfbundle; includeInIndex = 0; path = DYZB_lhbTests.xctest; sourceTree = BUILT_PRODUCTS_DIR; };
		EF2753EE1D8BF8830085829B /* DYZB_lhbTests.swift */ = {isa = PBXFileReference; lastKnownFileType = sourcecode.swift; path = DYZB_lhbTests.swift; sourceTree = "<group>"; };
		EF2753F01D8BF8830085829B /* Info.plist */ = {isa = PBXFileReference; lastKnownFileType = text.plist.xml; path = Info.plist; sourceTree = "<group>"; };
		EF2753F51D8BF8830085829B /* DYZB_lhbUITests.xctest */ = {isa = PBXFileReference; explicitFileType = wrapper.cfbundle; includeInIndex = 0; path = DYZB_lhbUITests.xctest; sourceTree = BUILT_PRODUCTS_DIR; };
		EF2753F91D8BF8830085829B /* DYZB_lhbUITests.swift */ = {isa = PBXFileReference; lastKnownFileType = sourcecode.swift; path = DYZB_lhbUITests.swift; sourceTree = "<group>"; };
		EF2753FB1D8BF8830085829B /* Info.plist */ = {isa = PBXFileReference; lastKnownFileType = text.plist.xml; path = Info.plist; sourceTree = "<group>"; };
		EF2754111D8C31040085829B /* Assets.xcassets */ = {isa = PBXFileReference; lastKnownFileType = folder.assetcatalog; path = Assets.xcassets; sourceTree = "<group>"; };
		EF2754171D8C31040085829B /* Info.plist */ = {isa = PBXFileReference; fileEncoding = 4; lastKnownFileType = text.plist.xml; path = Info.plist; sourceTree = "<group>"; };
		EF27541C1D8C31670085829B /* LaunchScreen.storyboard */ = {isa = PBXFileReference; fileEncoding = 4; lastKnownFileType = file.storyboard; path = LaunchScreen.storyboard; sourceTree = "<group>"; };
		EF27541D1D8C31670085829B /* Main.storyboard */ = {isa = PBXFileReference; fileEncoding = 4; lastKnownFileType = file.storyboard; name = Main.storyboard; path = ../../../Main.storyboard; sourceTree = "<group>"; };
		EF2754211D8C37FA0085829B /* Base */ = {isa = PBXFileReference; lastKnownFileType = file.storyboard; name = Base; path = DYZB_lhb/Base.lproj/Home.storyboard; sourceTree = SOURCE_ROOT; };
		EF2754231D8C381A0085829B /* Live.storyboard */ = {isa = PBXFileReference; fileEncoding = 4; lastKnownFileType = file.storyboard; name = Live.storyboard; path = DYZB_lhb/Live.storyboard; sourceTree = SOURCE_ROOT; };
		EF2754281D8C385A0085829B /* Base */ = {isa = PBXFileReference; lastKnownFileType = file.storyboard; name = Base; path = DYZB_lhb/Base.lproj/Follow.storyboard; sourceTree = SOURCE_ROOT; };
		EF27542B1D8C387E0085829B /* Base */ = {isa = PBXFileReference; lastKnownFileType = file.storyboard; name = Base; path = DYZB_lhb/Base.lproj/Profile.storyboard; sourceTree = SOURCE_ROOT; };
		EF828CE11D8F7A2D007DDF65 /* RecommendViewController.swift */ = {isa = PBXFileReference; fileEncoding = 4; lastKnownFileType = sourcecode.swift; path = RecommendViewController.swift; sourceTree = "<group>"; };
		EF828CE31D8F8728007DDF65 /* CollectionHeaderView.swift */ = {isa = PBXFileReference; fileEncoding = 4; lastKnownFileType = sourcecode.swift; path = CollectionHeaderView.swift; sourceTree = "<group>"; };
		EF828CE41D8F8728007DDF65 /* CollectionHeaderView.xib */ = {isa = PBXFileReference; fileEncoding = 4; lastKnownFileType = file.xib; path = CollectionHeaderView.xib; sourceTree = "<group>"; };
		EF828CE71D8F9320007DDF65 /* CollectionNormalCell.swift */ = {isa = PBXFileReference; fileEncoding = 4; lastKnownFileType = sourcecode.swift; path = CollectionNormalCell.swift; sourceTree = "<group>"; };
		EF828CE81D8F9320007DDF65 /* CollectionNormalCell.xib */ = {isa = PBXFileReference; fileEncoding = 4; lastKnownFileType = file.xib; path = CollectionNormalCell.xib; sourceTree = "<group>"; };
		EF828CEB1D8F98E6007DDF65 /* CollectionPrettyCell.swift */ = {isa = PBXFileReference; fileEncoding = 4; lastKnownFileType = sourcecode.swift; path = CollectionPrettyCell.swift; sourceTree = "<group>"; };
		EF828CEC1D8F98E6007DDF65 /* CollectionPrettyCell.xib */ = {isa = PBXFileReference; fileEncoding = 4; lastKnownFileType = file.xib; path = CollectionPrettyCell.xib; sourceTree = "<group>"; };
		EF8562BD1D9116E300510AA9 /* Alamofire4.0Demo.swift */ = {isa = PBXFileReference; fileEncoding = 4; lastKnownFileType = sourcecode.swift; path = Alamofire4.0Demo.swift; sourceTree = "<group>"; };
		EF8562BE1D9116E300510AA9 /* DouYuAPI.swift */ = {isa = PBXFileReference; fileEncoding = 4; lastKnownFileType = sourcecode.swift; path = DouYuAPI.swift; sourceTree = "<group>"; };
		EF8562C11D91182700510AA9 /* NetworkTools.swift */ = {isa = PBXFileReference; fileEncoding = 4; lastKnownFileType = sourcecode.swift; path = NetworkTools.swift; sourceTree = "<group>"; };
		EF8562C41D913BDA00510AA9 /* RecommendViewModel.swift */ = {isa = PBXFileReference; fileEncoding = 4; lastKnownFileType = sourcecode.swift; path = RecommendViewModel.swift; sourceTree = "<group>"; };
		EF8562C61D91425400510AA9 /* NSDate-Extension.swift */ = {isa = PBXFileReference; fileEncoding = 4; lastKnownFileType = sourcecode.swift; path = "NSDate-Extension.swift"; sourceTree = "<group>"; };
		EF8562C81D917AD200510AA9 /* AnchorGroup.swift */ = {isa = PBXFileReference; fileEncoding = 4; lastKnownFileType = sourcecode.swift; path = AnchorGroup.swift; sourceTree = "<group>"; };
		EF8562CA1D917EF400510AA9 /* AnchorModel.swift */ = {isa = PBXFileReference; fileEncoding = 4; lastKnownFileType = sourcecode.swift; path = AnchorModel.swift; sourceTree = "<group>"; };
		EF8562CC1D91ADA100510AA9 /* CollectionBaseCell.swift */ = {isa = PBXFileReference; fileEncoding = 4; lastKnownFileType = sourcecode.swift; path = CollectionBaseCell.swift; sourceTree = "<group>"; };
		EFBB92BD1D8D3D3A0023D919 /* UIBarButtonItem-Extension.swift */ = {isa = PBXFileReference; fileEncoding = 4; lastKnownFileType = sourcecode.swift; path = "UIBarButtonItem-Extension.swift"; sourceTree = "<group>"; };
		EFBB92BF1D8D49F00023D919 /* PageTitleView.swift */ = {isa = PBXFileReference; fileEncoding = 4; lastKnownFileType = sourcecode.swift; path = PageTitleView.swift; sourceTree = "<group>"; };
		EFBB92C11D8D4CF30023D919 /* Common.swift */ = {isa = PBXFileReference; fileEncoding = 4; lastKnownFileType = sourcecode.swift; name = Common.swift; path = Extension/Common.swift; sourceTree = "<group>"; };
		EFE2492C1D8CF284008C3CD9 /* MainViewController.swift */ = {isa = PBXFileReference; fileEncoding = 4; lastKnownFileType = sourcecode.swift; path = MainViewController.swift; sourceTree = "<group>"; };
		EFE249301D8CF2F0008C3CD9 /* HomeViewController.swift */ = {isa = PBXFileReference; fileEncoding = 4; lastKnownFileType = sourcecode.swift; path = HomeViewController.swift; sourceTree = "<group>"; };
/* End PBXFileReference section */

/* Begin PBXFrameworksBuildPhase section */
		EF2753D31D8BF8820085829B /* Frameworks */ = {
			isa = PBXFrameworksBuildPhase;
			buildActionMask = 2147483647;
			files = (
				8BA804F1B27A836FC2CADE50 /* Pods_DYZB_lhb.framework in Frameworks */,
			);
			runOnlyForDeploymentPostprocessing = 0;
		};
		EF2753E71D8BF8830085829B /* Frameworks */ = {
			isa = PBXFrameworksBuildPhase;
			buildActionMask = 2147483647;
			files = (
			);
			runOnlyForDeploymentPostprocessing = 0;
		};
		EF2753F21D8BF8830085829B /* Frameworks */ = {
			isa = PBXFrameworksBuildPhase;
			buildActionMask = 2147483647;
			files = (
			);
			runOnlyForDeploymentPostprocessing = 0;
		};
/* End PBXFrameworksBuildPhase section */

/* Begin PBXGroup section */
		17CFD37A3AEEAFBDBDE3AD7D /* Frameworks */ = {
			isa = PBXGroup;
			children = (
				620C43A4443197AB13CCCB9C /* Pods_DYZB_lhb.framework */,
			);
			name = Frameworks;
			sourceTree = "<group>";
		};
		9AF3859AD58C62921B1941A4 /* Pods */ = {
			isa = PBXGroup;
			children = (
				851F0F02855ECA733AFFE6C3 /* Pods-DYZB_lhb.debug.xcconfig */,
				E31B50F299BC062F2B4886FA /* Pods-DYZB_lhb.release.xcconfig */,
			);
			name = Pods;
			sourceTree = "<group>";
		};
		EF2753CD1D8BF8820085829B = {
			isa = PBXGroup;
			children = (
				EF2753D81D8BF8820085829B /* DYZB_lhb */,
				EF2753ED1D8BF8830085829B /* DYZB_lhbTests */,
				EF2753F81D8BF8830085829B /* DYZB_lhbUITests */,
				EF2753D71D8BF8820085829B /* Products */,
				9AF3859AD58C62921B1941A4 /* Pods */,
				17CFD37A3AEEAFBDBDE3AD7D /* Frameworks */,
			);
			sourceTree = "<group>";
		};
		EF2753D71D8BF8820085829B /* Products */ = {
			isa = PBXGroup;
			children = (
				EF2753D61D8BF8820085829B /* DYZB_lhb.app */,
				EF2753EA1D8BF8830085829B /* DYZB_lhbTests.xctest */,
				EF2753F51D8BF8830085829B /* DYZB_lhbUITests.xctest */,
			);
			name = Products;
			sourceTree = "<group>";
		};
		EF2753D81D8BF8820085829B /* DYZB_lhb */ = {
			isa = PBXGroup;
			children = (
				EF2754071D8C03E00085829B /* Classes */,
				EF2753D91D8BF8820085829B /* AppDelegate.swift */,
				EF27541C1D8C31670085829B /* LaunchScreen.storyboard */,
				EF2754111D8C31040085829B /* Assets.xcassets */,
				EF2754171D8C31040085829B /* Info.plist */,
			);
			path = DYZB_lhb;
			sourceTree = "<group>";
		};
		EF2753ED1D8BF8830085829B /* DYZB_lhbTests */ = {
			isa = PBXGroup;
			children = (
				EF2753EE1D8BF8830085829B /* DYZB_lhbTests.swift */,
				EF2753F01D8BF8830085829B /* Info.plist */,
			);
			path = DYZB_lhbTests;
			sourceTree = "<group>";
		};
		EF2753F81D8BF8830085829B /* DYZB_lhbUITests */ = {
			isa = PBXGroup;
			children = (
				EF2753F91D8BF8830085829B /* DYZB_lhbUITests.swift */,
				EF2753FB1D8BF8830085829B /* Info.plist */,
			);
			path = DYZB_lhbUITests;
			sourceTree = "<group>";
		};
		EF2754071D8C03E00085829B /* Classes */ = {
			isa = PBXGroup;
			children = (
				EF27540B1D8C03E00085829B /* MainDYZB */,
				EF2754091D8C03E00085829B /* Home */,
				EF27540A1D8C03E00085829B /* Live */,
				EF2754081D8C03E00085829B /* Follow */,
				EF27540C1D8C03E00085829B /* Profile */,
				EF27540D1D8C03E00085829B /* Tools */,
				EFBB92BA1D8D3C350023D919 /* Extension */,
				EF8562BC1D9116E300510AA9 /* API */,
			);
			path = Classes;
			sourceTree = "<group>";
		};
		EF2754081D8C03E00085829B /* Follow */ = {
			isa = PBXGroup;
			children = (
				EF2754271D8C385A0085829B /* Follow.storyboard */,
			);
			path = Follow;
			sourceTree = "<group>";
		};
		EF2754091D8C03E00085829B /* Home */ = {
			isa = PBXGroup;
			children = (
				EF8562C31D913BC000510AA9 /* ViewModel */,
				EFE249291D8CF20A008C3CD9 /* Model */,
				EFE2492A1D8CF20A008C3CD9 /* View */,
				EFE249281D8CF20A008C3CD9 /* Controller */,
			);
			path = Home;
			sourceTree = "<group>";
		};
		EF27540A1D8C03E00085829B /* Live */ = {
			isa = PBXGroup;
			children = (
				EF2754231D8C381A0085829B /* Live.storyboard */,
			);
			path = Live;
			sourceTree = "<group>";
		};
		EF27540B1D8C03E00085829B /* MainDYZB */ = {
			isa = PBXGroup;
			children = (
				EFE2492D1D8CF284008C3CD9 /* Model */,
				EFE2492E1D8CF284008C3CD9 /* View */,
				EFE2492B1D8CF284008C3CD9 /* Controller */,
			);
			path = MainDYZB;
			sourceTree = "<group>";
		};
		EF27540C1D8C03E00085829B /* Profile */ = {
			isa = PBXGroup;
			children = (
				EF27542A1D8C387E0085829B /* Profile.storyboard */,
			);
			path = Profile;
			sourceTree = "<group>";
		};
		EF27540D1D8C03E00085829B /* Tools */ = {
			isa = PBXGroup;
			children = (
				EFBB92C11D8D4CF30023D919 /* Common.swift */,
				EF8562C11D91182700510AA9 /* NetworkTools.swift */,
			);
			path = Tools;
			sourceTree = "<group>";
		};
		EF8562BC1D9116E300510AA9 /* API */ = {
			isa = PBXGroup;
			children = (
				EF8562BD1D9116E300510AA9 /* Alamofire4.0Demo.swift */,
				EF8562BE1D9116E300510AA9 /* DouYuAPI.swift */,
			);
			path = API;
			sourceTree = "<group>";
		};
		EF8562C31D913BC000510AA9 /* ViewModel */ = {
			isa = PBXGroup;
			children = (
				EF8562C41D913BDA00510AA9 /* RecommendViewModel.swift */,
			);
			path = ViewModel;
			sourceTree = "<group>";
		};
		EFBB92BA1D8D3C350023D919 /* Extension */ = {
			isa = PBXGroup;
			children = (
				EFBB92BD1D8D3D3A0023D919 /* UIBarButtonItem-Extension.swift */,
				EF1F79091D8D7DAA00E3247D /* UIColor-Extension.swift */,
				EF8562C61D91425400510AA9 /* NSDate-Extension.swift */,
			);
			name = Extension;
			path = Tools/Extension;
			sourceTree = "<group>";
		};
		EFE249281D8CF20A008C3CD9 /* Controller */ = {
			isa = PBXGroup;
			children = (
				EF2754201D8C37FA0085829B /* Home.storyboard */,
				EFE249301D8CF2F0008C3CD9 /* HomeViewController.swift */,
				EF828CE11D8F7A2D007DDF65 /* RecommendViewController.swift */,
			);
			path = Controller;
			sourceTree = "<group>";
		};
		EFE249291D8CF20A008C3CD9 /* Model */ = {
			isa = PBXGroup;
			children = (
			);
			path = Model;
			sourceTree = "<group>";
		};
		EFE2492A1D8CF20A008C3CD9 /* View */ = {
			isa = PBXGroup;
			children = (
				EF828CE31D8F8728007DDF65 /* CollectionHeaderView.swift */,
				EF828CE41D8F8728007DDF65 /* CollectionHeaderView.xib */,
			);
			path = View;
			sourceTree = "<group>";
		};
		EFE2492B1D8CF284008C3CD9 /* Controller */ = {
			isa = PBXGroup;
			children = (
				EF27541D1D8C31670085829B /* Main.storyboard */,
				EFE2492C1D8CF284008C3CD9 /* MainViewController.swift */,
			);
			path = Controller;
			sourceTree = "<group>";
		};
		EFE2492D1D8CF284008C3CD9 /* Model */ = {
			isa = PBXGroup;
			children = (
				EF8562C81D917AD200510AA9 /* AnchorGroup.swift */,
				EF8562CA1D917EF400510AA9 /* AnchorModel.swift */,
			);
			path = Model;
			sourceTree = "<group>";
		};
		EFE2492E1D8CF284008C3CD9 /* View */ = {
			isa = PBXGroup;
			children = (
				EFBB92BF1D8D49F00023D919 /* PageTitleView.swift */,
				EF1F79071D8D7A1000E3247D /* PageContentView.swift */,
				EF828CE81D8F9320007DDF65 /* CollectionNormalCell.xib */,
				EF828CE71D8F9320007DDF65 /* CollectionNormalCell.swift */,
				EF828CEC1D8F98E6007DDF65 /* CollectionPrettyCell.xib */,
				EF828CEB1D8F98E6007DDF65 /* CollectionPrettyCell.swift */,
				EF8562CC1D91ADA100510AA9 /* CollectionBaseCell.swift */,
			);
			path = View;
			sourceTree = "<group>";
		};
/* End PBXGroup section */

/* Begin PBXNativeTarget section */
		EF2753D51D8BF8820085829B /* DYZB_lhb */ = {
			isa = PBXNativeTarget;
			buildConfigurationList = EF2753FE1D8BF8830085829B /* Build configuration list for PBXNativeTarget "DYZB_lhb" */;
			buildPhases = (
				EE078B25537E8F60B657A2C8 /* Check Pods Manifest.lock */,
				EF2753D21D8BF8820085829B /* Sources */,
				EF2753D31D8BF8820085829B /* Frameworks */,
				EF2753D41D8BF8820085829B /* Resources */,
				B48B23BC8855B9116597B322 /* Embed Pods Frameworks */,
				065391855B93FC636C8687CF /* Copy Pods Resources */,
			);
			buildRules = (
			);
			dependencies = (
			);
			name = DYZB_lhb;
			productName = DYZB_lhb;
			productReference = EF2753D61D8BF8820085829B /* DYZB_lhb.app */;
			productType = "com.apple.product-type.application";
		};
		EF2753E91D8BF8830085829B /* DYZB_lhbTests */ = {
			isa = PBXNativeTarget;
			buildConfigurationList = EF2754011D8BF8830085829B /* Build configuration list for PBXNativeTarget "DYZB_lhbTests" */;
			buildPhases = (
				EF2753E61D8BF8830085829B /* Sources */,
				EF2753E71D8BF8830085829B /* Frameworks */,
				EF2753E81D8BF8830085829B /* Resources */,
			);
			buildRules = (
			);
			dependencies = (
				EF2753EC1D8BF8830085829B /* PBXTargetDependency */,
			);
			name = DYZB_lhbTests;
			productName = DYZB_lhbTests;
			productReference = EF2753EA1D8BF8830085829B /* DYZB_lhbTests.xctest */;
			productType = "com.apple.product-type.bundle.unit-test";
		};
		EF2753F41D8BF8830085829B /* DYZB_lhbUITests */ = {
			isa = PBXNativeTarget;
			buildConfigurationList = EF2754041D8BF8830085829B /* Build configuration list for PBXNativeTarget "DYZB_lhbUITests" */;
			buildPhases = (
				EF2753F11D8BF8830085829B /* Sources */,
				EF2753F21D8BF8830085829B /* Frameworks */,
				EF2753F31D8BF8830085829B /* Resources */,
			);
			buildRules = (
			);
			dependencies = (
				EF2753F71D8BF8830085829B /* PBXTargetDependency */,
			);
			name = DYZB_lhbUITests;
			productName = DYZB_lhbUITests;
			productReference = EF2753F51D8BF8830085829B /* DYZB_lhbUITests.xctest */;
			productType = "com.apple.product-type.bundle.ui-testing";
		};
/* End PBXNativeTarget section */

/* Begin PBXProject section */
		EF2753CE1D8BF8820085829B /* Project object */ = {
			isa = PBXProject;
			attributes = {
				LastSwiftUpdateCheck = 0800;
				LastUpgradeCheck = 0800;
				ORGANIZATIONNAME = LHB;
				TargetAttributes = {
					EF2753D51D8BF8820085829B = {
						CreatedOnToolsVersion = 8.0;
						DevelopmentTeam = GCWDE52XFU;
						LastSwiftMigration = 0800;
						ProvisioningStyle = Automatic;
					};
					EF2753E91D8BF8830085829B = {
						CreatedOnToolsVersion = 8.0;
						DevelopmentTeam = GCWDE52XFU;
						LastSwiftMigration = 0800;
						ProvisioningStyle = Automatic;
						TestTargetID = EF2753D51D8BF8820085829B;
					};
					EF2753F41D8BF8830085829B = {
						CreatedOnToolsVersion = 8.0;
						DevelopmentTeam = GCWDE52XFU;
						LastSwiftMigration = 0800;
						ProvisioningStyle = Automatic;
						TestTargetID = EF2753D51D8BF8820085829B;
					};
				};
			};
			buildConfigurationList = EF2753D11D8BF8820085829B /* Build configuration list for PBXProject "DYZB_lhb" */;
			compatibilityVersion = "Xcode 3.2";
			developmentRegion = English;
			hasScannedForEncodings = 0;
			knownRegions = (
				en,
				Base,
			);
			mainGroup = EF2753CD1D8BF8820085829B;
			productRefGroup = EF2753D71D8BF8820085829B /* Products */;
			projectDirPath = "";
			projectRoot = "";
			targets = (
				EF2753D51D8BF8820085829B /* DYZB_lhb */,
				EF2753E91D8BF8830085829B /* DYZB_lhbTests */,
				EF2753F41D8BF8830085829B /* DYZB_lhbUITests */,
			);
		};
/* End PBXProject section */

/* Begin PBXResourcesBuildPhase section */
		EF2753D41D8BF8820085829B /* Resources */ = {
			isa = PBXResourcesBuildPhase;
			buildActionMask = 2147483647;
			files = (
				EF2754181D8C31040085829B /* Assets.xcassets in Resources */,
				EF2754221D8C37FA0085829B /* Home.storyboard in Resources */,
				EF828CEA1D8F9320007DDF65 /* CollectionNormalCell.xib in Resources */,
				EF27542C1D8C387E0085829B /* Profile.storyboard in Resources */,
				EF2754241D8C381A0085829B /* Live.storyboard in Resources */,
				EF27541F1D8C31670085829B /* Main.storyboard in Resources */,
				EF828CE61D8F8728007DDF65 /* CollectionHeaderView.xib in Resources */,
				EF2754291D8C385A0085829B /* Follow.storyboard in Resources */,
				EF828CEE1D8F98E6007DDF65 /* CollectionPrettyCell.xib in Resources */,
				EF27541E1D8C31670085829B /* LaunchScreen.storyboard in Resources */,
				EF27541B1D8C31040085829B /* Info.plist in Resources */,
			);
			runOnlyForDeploymentPostprocessing = 0;
		};
		EF2753E81D8BF8830085829B /* Resources */ = {
			isa = PBXResourcesBuildPhase;
			buildActionMask = 2147483647;
			files = (
			);
			runOnlyForDeploymentPostprocessing = 0;
		};
		EF2753F31D8BF8830085829B /* Resources */ = {
			isa = PBXResourcesBuildPhase;
			buildActionMask = 2147483647;
			files = (
			);
			runOnlyForDeploymentPostprocessing = 0;
		};
/* End PBXResourcesBuildPhase section */

/* Begin PBXShellScriptBuildPhase section */
		065391855B93FC636C8687CF /* Copy Pods Resources */ = {
			isa = PBXShellScriptBuildPhase;
			buildActionMask = 2147483647;
			files = (
			);
			inputPaths = (
			);
			name = "Copy Pods Resources";
			outputPaths = (
			);
			runOnlyForDeploymentPostprocessing = 0;
			shellPath = /bin/sh;
			shellScript = "\"${SRCROOT}/Pods/Target Support Files/Pods-DYZB_lhb/Pods-DYZB_lhb-resources.sh\"\n";
			showEnvVarsInLog = 0;
		};
		B48B23BC8855B9116597B322 /* Embed Pods Frameworks */ = {
			isa = PBXShellScriptBuildPhase;
			buildActionMask = 2147483647;
			files = (
			);
			inputPaths = (
			);
			name = "Embed Pods Frameworks";
			outputPaths = (
			);
			runOnlyForDeploymentPostprocessing = 0;
			shellPath = /bin/sh;
			shellScript = "\"${SRCROOT}/Pods/Target Support Files/Pods-DYZB_lhb/Pods-DYZB_lhb-frameworks.sh\"\n";
			showEnvVarsInLog = 0;
		};
		EE078B25537E8F60B657A2C8 /* Check Pods Manifest.lock */ = {
			isa = PBXShellScriptBuildPhase;
			buildActionMask = 2147483647;
			files = (
			);
			inputPaths = (
			);
			name = "Check Pods Manifest.lock";
			outputPaths = (
			);
			runOnlyForDeploymentPostprocessing = 0;
			shellPath = /bin/sh;
			shellScript = "diff \"${PODS_ROOT}/../Podfile.lock\" \"${PODS_ROOT}/Manifest.lock\" > /dev/null\nif [[ $? != 0 ]] ; then\n    cat << EOM\nerror: The sandbox is not in sync with the Podfile.lock. Run 'pod install' or update your CocoaPods installation.\nEOM\n    exit 1\nfi\n";
			showEnvVarsInLog = 0;
		};
/* End PBXShellScriptBuildPhase section */

/* Begin PBXSourcesBuildPhase section */
		EF2753D21D8BF8820085829B /* Sources */ = {
			isa = PBXSourcesBuildPhase;
			buildActionMask = 2147483647;
			files = (
				EF2753DA1D8BF8820085829B /* AppDelegate.swift in Sources */,
				EF828CE51D8F8728007DDF65 /* CollectionHeaderView.swift in Sources */,
				EF8562CB1D917EF400510AA9 /* AnchorModel.swift in Sources */,
				EF8562C21D91182700510AA9 /* NetworkTools.swift in Sources */,
				EF1F790A1D8D7DAA00E3247D /* UIColor-Extension.swift in Sources */,
				EF828CE21D8F7A2D007DDF65 /* RecommendViewController.swift in Sources */,
				EF8562BF1D9116E300510AA9 /* Alamofire4.0Demo.swift in Sources */,
				EF8562C91D917AD200510AA9 /* AnchorGroup.swift in Sources */,
				EFE2492F1D8CF284008C3CD9 /* MainViewController.swift in Sources */,
				EFBB92C01D8D49F00023D919 /* PageTitleView.swift in Sources */,
				EF8562CD1D91ADA100510AA9 /* CollectionBaseCell.swift in Sources */,
				EF8562C71D91425400510AA9 /* NSDate-Extension.swift in Sources */,
				EF1F79081D8D7A1000E3247D /* PageContentView.swift in Sources */,
				EF8562C51D913BDA00510AA9 /* RecommendViewModel.swift in Sources */,
				EFBB92BE1D8D3D3A0023D919 /* UIBarButtonItem-Extension.swift in Sources */,
				EFBB92C21D8D4CF30023D919 /* Common.swift in Sources */,
				EF828CED1D8F98E6007DDF65 /* CollectionPrettyCell.swift in Sources */,
				EF8562C01D9116E300510AA9 /* DouYuAPI.swift in Sources */,
				EF828CE91D8F9320007DDF65 /* CollectionNormalCell.swift in Sources */,
				EFE249311D8CF2F0008C3CD9 /* HomeViewController.swift in Sources */,
			);
			runOnlyForDeploymentPostprocessing = 0;
		};
		EF2753E61D8BF8830085829B /* Sources */ = {
			isa = PBXSourcesBuildPhase;
			buildActionMask = 2147483647;
			files = (
				EF2753EF1D8BF8830085829B /* DYZB_lhbTests.swift in Sources */,
			);
			runOnlyForDeploymentPostprocessing = 0;
		};
		EF2753F11D8BF8830085829B /* Sources */ = {
			isa = PBXSourcesBuildPhase;
			buildActionMask = 2147483647;
			files = (
				EF2753FA1D8BF8830085829B /* DYZB_lhbUITests.swift in Sources */,
			);
			runOnlyForDeploymentPostprocessing = 0;
		};
/* End PBXSourcesBuildPhase section */

/* Begin PBXTargetDependency section */
		EF2753EC1D8BF8830085829B /* PBXTargetDependency */ = {
			isa = PBXTargetDependency;
			target = EF2753D51D8BF8820085829B /* DYZB_lhb */;
			targetProxy = EF2753EB1D8BF8830085829B /* PBXContainerItemProxy */;
		};
		EF2753F71D8BF8830085829B /* PBXTargetDependency */ = {
			isa = PBXTargetDependency;
			target = EF2753D51D8BF8820085829B /* DYZB_lhb */;
			targetProxy = EF2753F61D8BF8830085829B /* PBXContainerItemProxy */;
		};
/* End PBXTargetDependency section */

/* Begin PBXVariantGroup section */
		EF2754201D8C37FA0085829B /* Home.storyboard */ = {
			isa = PBXVariantGroup;
			children = (
				EF2754211D8C37FA0085829B /* Base */,
			);
			name = Home.storyboard;
			path = ../../MainDYZB;
			sourceTree = "<group>";
		};
		EF2754271D8C385A0085829B /* Follow.storyboard */ = {
			isa = PBXVariantGroup;
			children = (
				EF2754281D8C385A0085829B /* Base */,
			);
			name = Follow.storyboard;
			path = ../MainDYZB;
			sourceTree = "<group>";
		};
		EF27542A1D8C387E0085829B /* Profile.storyboard */ = {
			isa = PBXVariantGroup;
			children = (
				EF27542B1D8C387E0085829B /* Base */,
			);
			name = Profile.storyboard;
			path = ../MainDYZB;
			sourceTree = "<group>";
		};
/* End PBXVariantGroup section */

/* Begin XCBuildConfiguration section */
		EF2753FC1D8BF8830085829B /* Debug */ = {
			isa = XCBuildConfiguration;
			buildSettings = {
				ALWAYS_SEARCH_USER_PATHS = NO;
				CLANG_ANALYZER_NONNULL = YES;
				CLANG_CXX_LANGUAGE_STANDARD = "gnu++0x";
				CLANG_CXX_LIBRARY = "libc++";
				CLANG_ENABLE_MODULES = YES;
				CLANG_ENABLE_OBJC_ARC = YES;
				CLANG_WARN_BOOL_CONVERSION = YES;
				CLANG_WARN_CONSTANT_CONVERSION = YES;
				CLANG_WARN_DIRECT_OBJC_ISA_USAGE = YES_ERROR;
				CLANG_WARN_DOCUMENTATION_COMMENTS = YES;
				CLANG_WARN_EMPTY_BODY = YES;
				CLANG_WARN_ENUM_CONVERSION = YES;
				CLANG_WARN_INFINITE_RECURSION = YES;
				CLANG_WARN_INT_CONVERSION = YES;
				CLANG_WARN_OBJC_ROOT_CLASS = YES_ERROR;
				CLANG_WARN_SUSPICIOUS_MOVES = YES;
				CLANG_WARN_UNREACHABLE_CODE = YES;
				CLANG_WARN__DUPLICATE_METHOD_MATCH = YES;
				"CODE_SIGN_IDENTITY[sdk=iphoneos*]" = "iPhone Developer";
				COPY_PHASE_STRIP = NO;
				DEBUG_INFORMATION_FORMAT = dwarf;
				ENABLE_STRICT_OBJC_MSGSEND = YES;
				ENABLE_TESTABILITY = YES;
				GCC_C_LANGUAGE_STANDARD = gnu99;
				GCC_DYNAMIC_NO_PIC = NO;
				GCC_NO_COMMON_BLOCKS = YES;
				GCC_OPTIMIZATION_LEVEL = 0;
				GCC_PREPROCESSOR_DEFINITIONS = (
					"DEBUG=1",
					"$(inherited)",
				);
				GCC_WARN_64_TO_32_BIT_CONVERSION = YES;
				GCC_WARN_ABOUT_RETURN_TYPE = YES_ERROR;
				GCC_WARN_UNDECLARED_SELECTOR = YES;
				GCC_WARN_UNINITIALIZED_AUTOS = YES_AGGRESSIVE;
				GCC_WARN_UNUSED_FUNCTION = YES;
				GCC_WARN_UNUSED_VARIABLE = YES;
				IPHONEOS_DEPLOYMENT_TARGET = 10.0;
				MTL_ENABLE_DEBUG_INFO = YES;
				ONLY_ACTIVE_ARCH = YES;
				SDKROOT = iphoneos;
				SWIFT_ACTIVE_COMPILATION_CONDITIONS = DEBUG;
				SWIFT_OPTIMIZATION_LEVEL = "-Onone";
				TARGETED_DEVICE_FAMILY = "1,2";
			};
			name = Debug;
		};
		EF2753FD1D8BF8830085829B /* Release */ = {
			isa = XCBuildConfiguration;
			buildSettings = {
				ALWAYS_SEARCH_USER_PATHS = NO;
				CLANG_ANALYZER_NONNULL = YES;
				CLANG_CXX_LANGUAGE_STANDARD = "gnu++0x";
				CLANG_CXX_LIBRARY = "libc++";
				CLANG_ENABLE_MODULES = YES;
				CLANG_ENABLE_OBJC_ARC = YES;
				CLANG_WARN_BOOL_CONVERSION = YES;
				CLANG_WARN_CONSTANT_CONVERSION = YES;
				CLANG_WARN_DIRECT_OBJC_ISA_USAGE = YES_ERROR;
				CLANG_WARN_DOCUMENTATION_COMMENTS = YES;
				CLANG_WARN_EMPTY_BODY = YES;
				CLANG_WARN_ENUM_CONVERSION = YES;
				CLANG_WARN_INFINITE_RECURSION = YES;
				CLANG_WARN_INT_CONVERSION = YES;
				CLANG_WARN_OBJC_ROOT_CLASS = YES_ERROR;
				CLANG_WARN_SUSPICIOUS_MOVES = YES;
				CLANG_WARN_UNREACHABLE_CODE = YES;
				CLANG_WARN__DUPLICATE_METHOD_MATCH = YES;
				"CODE_SIGN_IDENTITY[sdk=iphoneos*]" = "iPhone Developer";
				COPY_PHASE_STRIP = NO;
				DEBUG_INFORMATION_FORMAT = "dwarf-with-dsym";
				ENABLE_NS_ASSERTIONS = NO;
				ENABLE_STRICT_OBJC_MSGSEND = YES;
				GCC_C_LANGUAGE_STANDARD = gnu99;
				GCC_NO_COMMON_BLOCKS = YES;
				GCC_WARN_64_TO_32_BIT_CONVERSION = YES;
				GCC_WARN_ABOUT_RETURN_TYPE = YES_ERROR;
				GCC_WARN_UNDECLARED_SELECTOR = YES;
				GCC_WARN_UNINITIALIZED_AUTOS = YES_AGGRESSIVE;
				GCC_WARN_UNUSED_FUNCTION = YES;
				GCC_WARN_UNUSED_VARIABLE = YES;
				IPHONEOS_DEPLOYMENT_TARGET = 10.0;
				MTL_ENABLE_DEBUG_INFO = NO;
				SDKROOT = iphoneos;
				SWIFT_OPTIMIZATION_LEVEL = "-Owholemodule";
				TARGETED_DEVICE_FAMILY = "1,2";
				VALIDATE_PRODUCT = YES;
			};
			name = Release;
		};
		EF2753FF1D8BF8830085829B /* Debug */ = {
			isa = XCBuildConfiguration;
			baseConfigurationReference = 851F0F02855ECA733AFFE6C3 /* Pods-DYZB_lhb.debug.xcconfig */;
			buildSettings = {
				ASSETCATALOG_COMPILER_APPICON_NAME = AppIcon;
				ASSETCATALOG_COMPILER_LAUNCHIMAGE_NAME = LaunchImage;
				DEVELOPMENT_TEAM = GCWDE52XFU;
				INFOPLIST_FILE = DYZB_lhb/Info.plist;
				IPHONEOS_DEPLOYMENT_TARGET = 9.0;
				LD_RUNPATH_SEARCH_PATHS = "$(inherited) @executable_path/Frameworks";
				PRODUCT_BUNDLE_IDENTIFIER = "com.lhb.company.DYZB-lhb";
				PRODUCT_NAME = "$(TARGET_NAME)";
				SWIFT_VERSION = 3.0;
				TARGETED_DEVICE_FAMILY = 1;
			};
			name = Debug;
		};
		EF2754001D8BF8830085829B /* Release */ = {
			isa = XCBuildConfiguration;
			baseConfigurationReference = E31B50F299BC062F2B4886FA /* Pods-DYZB_lhb.release.xcconfig */;
			buildSettings = {
				ASSETCATALOG_COMPILER_APPICON_NAME = AppIcon;
				ASSETCATALOG_COMPILER_LAUNCHIMAGE_NAME = LaunchImage;
				DEVELOPMENT_TEAM = GCWDE52XFU;
				INFOPLIST_FILE = DYZB_lhb/Info.plist;
				IPHONEOS_DEPLOYMENT_TARGET = 9.0;
				LD_RUNPATH_SEARCH_PATHS = "$(inherited) @executable_path/Frameworks";
				PRODUCT_BUNDLE_IDENTIFIER = "com.lhb.company.DYZB-lhb";
				PRODUCT_NAME = "$(TARGET_NAME)";
				SWIFT_VERSION = 3.0;
				TARGETED_DEVICE_FAMILY = 1;
			};
			name = Release;
		};
		EF2754021D8BF8830085829B /* Debug */ = {
			isa = XCBuildConfiguration;
			buildSettings = {
				ALWAYS_EMBED_SWIFT_STANDARD_LIBRARIES = YES;
				BUNDLE_LOADER = "$(TEST_HOST)";
				DEVELOPMENT_TEAM = GCWDE52XFU;
				INFOPLIST_FILE = DYZB_lhbTests/Info.plist;
				LD_RUNPATH_SEARCH_PATHS = "$(inherited) @executable_path/Frameworks @loader_path/Frameworks";
				PRODUCT_BUNDLE_IDENTIFIER = "com.lhb.company.DYZB-lhbTests";
				PRODUCT_NAME = "$(TARGET_NAME)";
				SWIFT_VERSION = 3.0;
				TEST_HOST = "$(BUILT_PRODUCTS_DIR)/DYZB_lhb.app/DYZB_lhb";
			};
			name = Debug;
		};
		EF2754031D8BF8830085829B /* Release */ = {
			isa = XCBuildConfiguration;
			buildSettings = {
				ALWAYS_EMBED_SWIFT_STANDARD_LIBRARIES = YES;
				BUNDLE_LOADER = "$(TEST_HOST)";
				DEVELOPMENT_TEAM = GCWDE52XFU;
				INFOPLIST_FILE = DYZB_lhbTests/Info.plist;
				LD_RUNPATH_SEARCH_PATHS = "$(inherited) @executable_path/Frameworks @loader_path/Frameworks";
				PRODUCT_BUNDLE_IDENTIFIER = "com.lhb.company.DYZB-lhbTests";
				PRODUCT_NAME = "$(TARGET_NAME)";
				SWIFT_VERSION = 3.0;
				TEST_HOST = "$(BUILT_PRODUCTS_DIR)/DYZB_lhb.app/DYZB_lhb";
			};
			name = Release;
		};
		EF2754051D8BF8830085829B /* Debug */ = {
			isa = XCBuildConfiguration;
			buildSettings = {
				ALWAYS_EMBED_SWIFT_STANDARD_LIBRARIES = YES;
				DEVELOPMENT_TEAM = GCWDE52XFU;
				INFOPLIST_FILE = DYZB_lhbUITests/Info.plist;
				LD_RUNPATH_SEARCH_PATHS = "$(inherited) @executable_path/Frameworks @loader_path/Frameworks";
				PRODUCT_BUNDLE_IDENTIFIER = "com.lhb.company.DYZB-lhbUITests";
				PRODUCT_NAME = "$(TARGET_NAME)";
				SWIFT_VERSION = 3.0;
				TEST_TARGET_NAME = DYZB_lhb;
			};
			name = Debug;
		};
		EF2754061D8BF8830085829B /* Release */ = {
			isa = XCBuildConfiguration;
			buildSettings = {
				ALWAYS_EMBED_SWIFT_STANDARD_LIBRARIES = YES;
				DEVELOPMENT_TEAM = GCWDE52XFU;
				INFOPLIST_FILE = DYZB_lhbUITests/Info.plist;
				LD_RUNPATH_SEARCH_PATHS = "$(inherited) @executable_path/Frameworks @loader_path/Frameworks";
				PRODUCT_BUNDLE_IDENTIFIER = "com.lhb.company.DYZB-lhbUITests";
				PRODUCT_NAME = "$(TARGET_NAME)";
				SWIFT_VERSION = 3.0;
				TEST_TARGET_NAME = DYZB_lhb;
			};
			name = Release;
		};
/* End XCBuildConfiguration section */

/* Begin XCConfigurationList section */
		EF2753D11D8BF8820085829B /* Build configuration list for PBXProject "DYZB_lhb" */ = {
			isa = XCConfigurationList;
			buildConfigurations = (
				EF2753FC1D8BF8830085829B /* Debug */,
				EF2753FD1D8BF8830085829B /* Release */,
			);
			defaultConfigurationIsVisible = 0;
			defaultConfigurationName = Release;
		};
		EF2753FE1D8BF8830085829B /* Build configuration list for PBXNativeTarget "DYZB_lhb" */ = {
			isa = XCConfigurationList;
			buildConfigurations = (
				EF2753FF1D8BF8830085829B /* Debug */,
				EF2754001D8BF8830085829B /* Release */,
			);
			defaultConfigurationIsVisible = 0;
			defaultConfigurationName = Release;
		};
		EF2754011D8BF8830085829B /* Build configuration list for PBXNativeTarget "DYZB_lhbTests" */ = {
			isa = XCConfigurationList;
			buildConfigurations = (
				EF2754021D8BF8830085829B /* Debug */,
				EF2754031D8BF8830085829B /* Release */,
			);
			defaultConfigurationIsVisible = 0;
			defaultConfigurationName = Release;
		};
		EF2754041D8BF8830085829B /* Build configuration list for PBXNativeTarget "DYZB_lhbUITests" */ = {
			isa = XCConfigurationList;
			buildConfigurations = (
				EF2754051D8BF8830085829B /* Debug */,
				EF2754061D8BF8830085829B /* Release */,
			);
			defaultConfigurationIsVisible = 0;
			defaultConfigurationName = Release;
		};
/* End XCConfigurationList section */
	};
	rootObject = EF2753CE1D8BF8820085829B /* Project object */;
}
